// !$*UTF8*$!
{
	archiveVersion = 1;
	classes = {
	};
	objectVersion = 46;
	objects = {

/* Begin PBXBuildFile section */
		7D108ADB1B7210C8006EA12B /* AppDelegate.swift in Sources */ = {isa = PBXBuildFile; fileRef = 7D108ADA1B7210C8006EA12B /* AppDelegate.swift */; };
		7D108ADD1B7210C8006EA12B /* ViewController.swift in Sources */ = {isa = PBXBuildFile; fileRef = 7D108ADC1B7210C8006EA12B /* ViewController.swift */; };
		7D108AE01B7210C8006EA12B /* Main.storyboard in Resources */ = {isa = PBXBuildFile; fileRef = 7D108ADE1B7210C8006EA12B /* Main.storyboard */; };
		7D108AE21B7210C8006EA12B /* Assets.xcassets in Resources */ = {isa = PBXBuildFile; fileRef = 7D108AE11B7210C8006EA12B /* Assets.xcassets */; };
		7D108AE51B7210C8006EA12B /* LaunchScreen.storyboard in Resources */ = {isa = PBXBuildFile; fileRef = 7D108AE31B7210C8006EA12B /* LaunchScreen.storyboard */; };
/* End PBXBuildFile section */

/* Begin PBXFileReference section */
		7D108AD71B7210C8006EA12B /* SampleProject.app */ = {isa = PBXFileReference; explicitFileType = wrapper.application; includeInIndex = 0; name = SampleProject.app; path = "/Users/yongping/Documents/CompanyProjects/IoTCloud-iOSSDK/IoTCloudSDK/build/Debug-iphoneos/SampleProject.app"; sourceTree = "<absolute>"; };
		7D108ADA1B7210C8006EA12B /* AppDelegate.swift */ = {isa = PBXFileReference; lastKnownFileType = sourcecode.swift; path = AppDelegate.swift; sourceTree = "<group>"; };
		7D108ADC1B7210C8006EA12B /* ViewController.swift */ = {isa = PBXFileReference; lastKnownFileType = sourcecode.swift; path = ViewController.swift; sourceTree = "<group>"; };
		7D108ADF1B7210C8006EA12B /* Base */ = {isa = PBXFileReference; lastKnownFileType = file.storyboard; name = Base; path = Base.lproj/Main.storyboard; sourceTree = "<group>"; };
		7D108AE11B7210C8006EA12B /* Assets.xcassets */ = {isa = PBXFileReference; lastKnownFileType = folder.assetcatalog; path = Assets.xcassets; sourceTree = "<group>"; };
		7D108AE41B7210C8006EA12B /* Base */ = {isa = PBXFileReference; lastKnownFileType = file.storyboard; name = Base; path = Base.lproj/LaunchScreen.storyboard; sourceTree = "<group>"; };
		7D108AE61B7210C8006EA12B /* Info.plist */ = {isa = PBXFileReference; lastKnownFileType = text.plist.xml; path = Info.plist; sourceTree = "<group>"; };
/* End PBXFileReference section */

/* Begin PBXFrameworksBuildPhase section */
		7D108AD41B7210C8006EA12B /* Frameworks */ = {
			isa = PBXFrameworksBuildPhase;
			buildActionMask = 2147483647;
			files = (
			);
			runOnlyForDeploymentPostprocessing = 0;
		};
/* End PBXFrameworksBuildPhase section */

/* Begin PBXGroup section */
		7D108ACE1B7210C8006EA12B = {
			isa = PBXGroup;
			children = (
				7D108AD91B7210C8006EA12B /* SampleProject */,
			);
			sourceTree = "<group>";
		};
		7D108AD91B7210C8006EA12B /* SampleProject */ = {
			isa = PBXGroup;
			children = (
				7D108ADA1B7210C8006EA12B /* AppDelegate.swift */,
				7D108ADC1B7210C8006EA12B /* ViewController.swift */,
				7D108ADE1B7210C8006EA12B /* Main.storyboard */,
				7D108AE11B7210C8006EA12B /* Assets.xcassets */,
				7D108AE31B7210C8006EA12B /* LaunchScreen.storyboard */,
				7D108AE61B7210C8006EA12B /* Info.plist */,
			);
			path = SampleProject;
			sourceTree = "<group>";
		};
/* End PBXGroup section */

/* Begin PBXNativeTarget section */
		7D108AD61B7210C8006EA12B /* SampleProject */ = {
			isa = PBXNativeTarget;
			buildConfigurationList = 7D108AFF1B7210C8006EA12B /* Build configuration list for PBXNativeTarget "SampleProject" */;
			buildPhases = (
				7D108AD31B7210C8006EA12B /* Sources */,
				7D108AD41B7210C8006EA12B /* Frameworks */,
				7D108AD51B7210C8006EA12B /* Resources */,
			);
			buildRules = (
			);
			dependencies = (
			);
			name = SampleProject;
			productName = SampleProject;
			productReference = 7D108AD71B7210C8006EA12B /* SampleProject.app */;
			productType = "com.apple.product-type.application";
		};
/* End PBXNativeTarget section */

/* Begin PBXProject section */
		7D108ACF1B7210C8006EA12B /* Project object */ = {
			isa = PBXProject;
			attributes = {
				LastUpgradeCheck = 0700;
				ORGANIZATIONNAME = "Kii Corporation";
				TargetAttributes = {
					7D108AD61B7210C8006EA12B = {
						CreatedOnToolsVersion = 7.0;
					};
				};
			};
			buildConfigurationList = 7D108AD21B7210C8006EA12B /* Build configuration list for PBXProject "SampleProject" */;
			compatibilityVersion = "Xcode 3.2";
			developmentRegion = English;
			hasScannedForEncodings = 0;
			knownRegions = (
				en,
				Base,
			);
			mainGroup = 7D108ACE1B7210C8006EA12B;
			productRefGroup = 7D108ACE1B7210C8006EA12B;
			projectDirPath = "";
			projectRoot = "";
			targets = (
				7D108AD61B7210C8006EA12B /* SampleProject */,
			);
		};
/* End PBXProject section */

/* Begin PBXResourcesBuildPhase section */
		7D108AD51B7210C8006EA12B /* Resources */ = {
			isa = PBXResourcesBuildPhase;
			buildActionMask = 2147483647;
			files = (
				7D108AE51B7210C8006EA12B /* LaunchScreen.storyboard in Resources */,
				7D108AE21B7210C8006EA12B /* Assets.xcassets in Resources */,
				7D108AE01B7210C8006EA12B /* Main.storyboard in Resources */,
			);
			runOnlyForDeploymentPostprocessing = 0;
		};
/* End PBXResourcesBuildPhase section */

/* Begin PBXSourcesBuildPhase section */
		7D108AD31B7210C8006EA12B /* Sources */ = {
			isa = PBXSourcesBuildPhase;
			buildActionMask = 2147483647;
			files = (
				7D108ADD1B7210C8006EA12B /* ViewController.swift in Sources */,
				7D108ADB1B7210C8006EA12B /* AppDelegate.swift in Sources */,
			);
			runOnlyForDeploymentPostprocessing = 0;
		};
/* End PBXSourcesBuildPhase section */

/* Begin PBXVariantGroup section */
		7D108ADE1B7210C8006EA12B /* Main.storyboard */ = {
			isa = PBXVariantGroup;
			children = (
				7D108ADF1B7210C8006EA12B /* Base */,
			);
			name = Main.storyboard;
			sourceTree = "<group>";
		};
		7D108AE31B7210C8006EA12B /* LaunchScreen.storyboard */ = {
			isa = PBXVariantGroup;
			children = (
				7D108AE41B7210C8006EA12B /* Base */,
			);
			name = LaunchScreen.storyboard;
			sourceTree = "<group>";
		};
/* End PBXVariantGroup section */

/* Begin XCBuildConfiguration section */
		7D108AFD1B7210C8006EA12B /* Debug */ = {
			isa = XCBuildConfiguration;
			buildSettings = {
				ALWAYS_SEARCH_USER_PATHS = NO;
				CLANG_CXX_LANGUAGE_STANDARD = "gnu++0x";
				CLANG_CXX_LIBRARY = "libc++";
				CLANG_ENABLE_MODULES = YES;
				CLANG_ENABLE_OBJC_ARC = YES;
				CLANG_WARN_BOOL_CONVERSION = YES;
				CLANG_WARN_CONSTANT_CONVERSION = YES;
				CLANG_WARN_DIRECT_OBJC_ISA_USAGE = YES_ERROR;
				CLANG_WARN_EMPTY_BODY = YES;
				CLANG_WARN_ENUM_CONVERSION = YES;
				CLANG_WARN_INT_CONVERSION = YES;
				CLANG_WARN_OBJC_ROOT_CLASS = YES_ERROR;
				CLANG_WARN_UNREACHABLE_CODE = YES;
				CLANG_WARN__DUPLICATE_METHOD_MATCH = YES;
				"CODE_SIGN_IDENTITY[sdk=iphoneos*]" = "iPhone Developer";
				COPY_PHASE_STRIP = NO;
				DEBUG_INFORMATION_FORMAT = dwarf;
				ENABLE_STRICT_OBJC_MSGSEND = YES;
				ENABLE_TESTABILITY = YES;
				GCC_C_LANGUAGE_STANDARD = gnu99;
				GCC_DYNAMIC_NO_PIC = NO;
				GCC_NO_COMMON_BLOCKS = YES;
				GCC_OPTIMIZATION_LEVEL = 0;
				GCC_PREPROCESSOR_DEFINITIONS = (
					"DEBUG=1",
					"$(inherited)",
				);
				GCC_WARN_64_TO_32_BIT_CONVERSION = YES;
				GCC_WARN_ABOUT_RETURN_TYPE = YES_ERROR;
				GCC_WARN_UNDECLARED_SELECTOR = YES;
				GCC_WARN_UNINITIALIZED_AUTOS = YES_AGGRESSIVE;
				GCC_WARN_UNUSED_FUNCTION = YES;
				GCC_WARN_UNUSED_VARIABLE = YES;
				IPHONEOS_DEPLOYMENT_TARGET = 9.0;
				MTL_ENABLE_DEBUG_INFO = YES;
				ONLY_ACTIVE_ARCH = YES;
				SDKROOT = iphoneos;
				SWIFT_OPTIMIZATION_LEVEL = "-Onone";
			};
			name = Debug;
		};
		7D108AFE1B7210C8006EA12B /* Release */ = {
			isa = XCBuildConfiguration;
			buildSettings = {
				ALWAYS_SEARCH_USER_PATHS = NO;
				CLANG_CXX_LANGUAGE_STANDARD = "gnu++0x";
				CLANG_CXX_LIBRARY = "libc++";
				CLANG_ENABLE_MODULES = YES;
				CLANG_ENABLE_OBJC_ARC = YES;
				CLANG_WARN_BOOL_CONVERSION = YES;
				CLANG_WARN_CONSTANT_CONVERSION = YES;
				CLANG_WARN_DIRECT_OBJC_ISA_USAGE = YES_ERROR;
				CLANG_WARN_EMPTY_BODY = YES;
				CLANG_WARN_ENUM_CONVERSION = YES;
				CLANG_WARN_INT_CONVERSION = YES;
				CLANG_WARN_OBJC_ROOT_CLASS = YES_ERROR;
				CLANG_WARN_UNREACHABLE_CODE = YES;
				CLANG_WARN__DUPLICATE_METHOD_MATCH = YES;
				"CODE_SIGN_IDENTITY[sdk=iphoneos*]" = "iPhone Developer";
				COPY_PHASE_STRIP = NO;
				DEBUG_INFORMATION_FORMAT = "dwarf-with-dsym";
				ENABLE_NS_ASSERTIONS = NO;
				ENABLE_STRICT_OBJC_MSGSEND = YES;
				GCC_C_LANGUAGE_STANDARD = gnu99;
				GCC_NO_COMMON_BLOCKS = YES;
				GCC_WARN_64_TO_32_BIT_CONVERSION = YES;
				GCC_WARN_ABOUT_RETURN_TYPE = YES_ERROR;
				GCC_WARN_UNDECLARED_SELECTOR = YES;
				GCC_WARN_UNINITIALIZED_AUTOS = YES_AGGRESSIVE;
				GCC_WARN_UNUSED_FUNCTION = YES;
				GCC_WARN_UNUSED_VARIABLE = YES;
				IPHONEOS_DEPLOYMENT_TARGET = 9.0;
				MTL_ENABLE_DEBUG_INFO = NO;
				SDKROOT = iphoneos;
				VALIDATE_PRODUCT = YES;
			};
			name = Release;
		};
		7D108B001B7210C8006EA12B /* Debug */ = {
			isa = XCBuildConfiguration;
			buildSettings = {
				ASSETCATALOG_COMPILER_APPICON_NAME = AppIcon;
				INFOPLIST_FILE = SampleProject/Info.plist;
				LD_RUNPATH_SEARCH_PATHS = "$(inherited) @executable_path/Frameworks";
				PRODUCT_BUNDLE_IDENTIFIER = com.kii.SampleProject;
				PRODUCT_NAME = "$(TARGET_NAME)";
			};
			name = Debug;
		};
		7D108B011B7210C8006EA12B /* Release */ = {
			isa = XCBuildConfiguration;
			buildSettings = {
				ASSETCATALOG_COMPILER_APPICON_NAME = AppIcon;
				INFOPLIST_FILE = SampleProject/Info.plist;
				LD_RUNPATH_SEARCH_PATHS = "$(inherited) @executable_path/Frameworks";
				PRODUCT_BUNDLE_IDENTIFIER = com.kii.SampleProject;
				PRODUCT_NAME = "$(TARGET_NAME)";
			};
			name = Release;
		};
/* End XCBuildConfiguration section */

/* Begin XCConfigurationList section */
		7D108AD21B7210C8006EA12B /* Build configuration list for PBXProject "SampleProject" */ = {
			isa = XCConfigurationList;
			buildConfigurations = (
				7D108AFD1B7210C8006EA12B /* Debug */,
				7D108AFE1B7210C8006EA12B /* Release */,
			);
			defaultConfigurationIsVisible = 0;
			defaultConfigurationName = Release;
		};
		7D108AFF1B7210C8006EA12B /* Build configuration list for PBXNativeTarget "SampleProject" */ = {
			isa = XCConfigurationList;
			buildConfigurations = (
				7D108B001B7210C8006EA12B /* Debug */,
				7D108B011B7210C8006EA12B /* Release */,
			);
			defaultConfigurationIsVisible = 0;
			defaultConfigurationName = Release;
		};
/* End XCConfigurationList section */
	};
	rootObject = 7D108ACF1B7210C8006EA12B /* Project object */;
}
