// !$*UTF8*$!
{
	archiveVersion = 1;
	classes = {
	};
	objectVersion = 46;
	objects = {

/* Begin PBXBuildFile section */
		7D108ADB1B7210C8006EA12B /* AppDelegate.swift in Sources */ = {isa = PBXBuildFile; fileRef = 7D108ADA1B7210C8006EA12B /* AppDelegate.swift */; };
		7D108ADD1B7210C8006EA12B /* ViewController.swift in Sources */ = {isa = PBXBuildFile; fileRef = 7D108ADC1B7210C8006EA12B /* ViewController.swift */; };
		7D108AE01B7210C8006EA12B /* Main.storyboard in Resources */ = {isa = PBXBuildFile; fileRef = 7D108ADE1B7210C8006EA12B /* Main.storyboard */; };
		7D108AE21B7210C8006EA12B /* Assets.xcassets in Resources */ = {isa = PBXBuildFile; fileRef = 7D108AE11B7210C8006EA12B /* Assets.xcassets */; };
		7D108AE51B7210C8006EA12B /* LaunchScreen.storyboard in Resources */ = {isa = PBXBuildFile; fileRef = 7D108AE31B7210C8006EA12B /* LaunchScreen.storyboard */; };
		7D19188E1B8DB4A6007F2885 /* TriggerListViewController.swift in Sources */ = {isa = PBXBuildFile; fileRef = 7D19188D1B8DB4A6007F2885 /* TriggerListViewController.swift */; settings = {ASSET_TAGS = (); }; };
		7D1918901B8DC84C007F2885 /* TriggerDetailViewController.swift in Sources */ = {isa = PBXBuildFile; fileRef = 7D19188F1B8DC84C007F2885 /* TriggerDetailViewController.swift */; settings = {ASSET_TAGS = (); }; };
		7D3314881B91B0B500A6DDFB /* ClauseHelper.swift in Sources */ = {isa = PBXBuildFile; fileRef = 7D3314871B91B0B500A6DDFB /* ClauseHelper.swift */; settings = {ASSET_TAGS = (); }; };
		7D3314931B91C08B00A6DDFB /* StatusBoolTypeTableViewCell.swift in Sources */ = {isa = PBXBuildFile; fileRef = 7D3314921B91C08B00A6DDFB /* StatusBoolTypeTableViewCell.swift */; settings = {ASSET_TAGS = (); }; };
		7D3314971B91C30B00A6DDFB /* StatusNumberTypeTableViewCell.swift in Sources */ = {isa = PBXBuildFile; fileRef = 7D3314961B91C30B00A6DDFB /* StatusNumberTypeTableViewCell.swift */; settings = {ASSET_TAGS = (); }; };
		7D3DFB5E1B8EF1B80055BE18 /* Triggers.storyboard in Resources */ = {isa = PBXBuildFile; fileRef = 7D3DFB5D1B8EF1B80055BE18 /* Triggers.storyboard */; settings = {ASSET_TAGS = (); }; };
		7D3DFB601B8EF2420055BE18 /* State.storyboard in Resources */ = {isa = PBXBuildFile; fileRef = 7D3DFB5F1B8EF2420055BE18 /* State.storyboard */; settings = {ASSET_TAGS = (); }; };
		7D3DFB671B8EFA460055BE18 /* CommandNewViewController.swift in Sources */ = {isa = PBXBuildFile; fileRef = 7D3DFB661B8EFA460055BE18 /* CommandNewViewController.swift */; settings = {ASSET_TAGS = (); }; };
		7D3DFB691B8EFF650055BE18 /* StatesPredicateViewController.swift in Sources */ = {isa = PBXBuildFile; fileRef = 7D3DFB681B8EFF650055BE18 /* StatesPredicateViewController.swift */; settings = {ASSET_TAGS = (); }; };
		7D44C18D1B8EEC3100F19FA3 /* Onboarding.storyboard in Resources */ = {isa = PBXBuildFile; fileRef = 7D44C18C1B8EEC3100F19FA3 /* Onboarding.storyboard */; settings = {ASSET_TAGS = (); }; };
		7D44C18F1B8EEC9A00F19FA3 /* Commands.storyboard in Resources */ = {isa = PBXBuildFile; fileRef = 7D44C18E1B8EEC9A00F19FA3 /* Commands.storyboard */; settings = {ASSET_TAGS = (); }; };
		7D45C07A1B91E84500378D6D /* IntervalStatusTableViewCell.swift in Sources */ = {isa = PBXBuildFile; fileRef = 7D45C0791B91E84500378D6D /* IntervalStatusTableViewCell.swift */; settings = {ASSET_TAGS = (); }; };
		7D783E4B1B87152600543A09 /* KiiSDK.framework in Frameworks */ = {isa = PBXBuildFile; fileRef = 7D783E4A1B87152600543A09 /* KiiSDK.framework */; };
		7D783E4D1B87157F00543A09 /* libsqlite3.tbd in Frameworks */ = {isa = PBXBuildFile; fileRef = 7D783E4C1B87157F00543A09 /* libsqlite3.tbd */; };
		7D8FAB4D1B8EB00100D57F8E /* CommandEditViewController.swift in Sources */ = {isa = PBXBuildFile; fileRef = 7D8FAB4C1B8EB00100D57F8E /* CommandEditViewController.swift */; settings = {ASSET_TAGS = (); }; };
		7D8FAB511B8EC26900D57F8E /* TriggerCommandEditViewController.swift in Sources */ = {isa = PBXBuildFile; fileRef = 7D8FAB501B8EC26900D57F8E /* TriggerCommandEditViewController.swift */; settings = {ASSET_TAGS = (); }; };
		7D96858C1B8AF3C90017CA7D /* LoginViewController.swift in Sources */ = {isa = PBXBuildFile; fileRef = 7D96858B1B8AF3C90017CA7D /* LoginViewController.swift */; };
		7DB3F6E61B8B133D00AE8254 /* OnBoardViewController.swift in Sources */ = {isa = PBXBuildFile; fileRef = 7DB3F6E51B8B133D00AE8254 /* OnBoardViewController.swift */; };
		7DB3F6E81B8B243600AE8254 /* Properties.plist in Resources */ = {isa = PBXBuildFile; fileRef = 7DB3F6E71B8B243600AE8254 /* Properties.plist */; };
		7DB3F6EC1B8B2DED00AE8254 /* TabBarViewController.swift in Sources */ = {isa = PBXBuildFile; fileRef = 7DB3F6EB1B8B2DED00AE8254 /* TabBarViewController.swift */; };
		7DB3F6EE1B8BF90F00AE8254 /* StateViewController.swift in Sources */ = {isa = PBXBuildFile; fileRef = 7DB3F6ED1B8BF90F00AE8254 /* StateViewController.swift */; };
		7DB3F6F01B8BFB0200AE8254 /* UIViewController+showAlert.swift.swift in Sources */ = {isa = PBXBuildFile; fileRef = 7DB3F6EF1B8BFB0200AE8254 /* UIViewController+showAlert.swift.swift */; };
		7DB3F6F21B8BFDA900AE8254 /* KiiBaseTableViewController.swift in Sources */ = {isa = PBXBuildFile; fileRef = 7DB3F6F11B8BFDA900AE8254 /* KiiBaseTableViewController.swift */; };
		7DB3F6F41B8C1DD400AE8254 /* CommandsListViewController.swift in Sources */ = {isa = PBXBuildFile; fileRef = 7DB3F6F31B8C1DD400AE8254 /* CommandsListViewController.swift */; };
		7DB3F6F71B8C5B0100AE8254 /* CommandViewController.swift in Sources */ = {isa = PBXBuildFile; fileRef = 7DB3F6F61B8C5B0100AE8254 /* CommandViewController.swift */; };
		7DCDBD831B90703C00AB006B /* AndOrClauseViewController.swift in Sources */ = {isa = PBXBuildFile; fileRef = 7DCDBD821B90703C00AB006B /* AndOrClauseViewController.swift */; settings = {ASSET_TAGS = (); }; };
		7DCDBD861B90986700AB006B /* IoTSchema.swift in Sources */ = {isa = PBXBuildFile; fileRef = 7DCDBD851B90986700AB006B /* IoTSchema.swift */; settings = {ASSET_TAGS = (); }; };
		D5351AA91B8ED6D900E55807 /* Notifications.storyboard in Resources */ = {isa = PBXBuildFile; fileRef = D5351AA71B8ED6D900E55807 /* Notifications.storyboard */; settings = {ASSET_TAGS = (); }; };
		D5351AAB1B8EDA8900E55807 /* NotificationViewController.swift in Sources */ = {isa = PBXBuildFile; fileRef = D5351AAA1B8EDA8900E55807 /* NotificationViewController.swift */; settings = {ASSET_TAGS = (); }; };
		D540FD691B95AAD500D581F9 /* IoTCloudSDK.framework in Frameworks */ = {isa = PBXBuildFile; fileRef = D540FD681B95AAD500D581F9 /* IoTCloudSDK.framework */; };
		D540FD6A1B95AAD500D581F9 /* IoTCloudSDK.framework in Embed Frameworks */ = {isa = PBXBuildFile; fileRef = D540FD681B95AAD500D581F9 /* IoTCloudSDK.framework */; settings = {ATTRIBUTES = (CodeSignOnCopy, RemoveHeadersOnCopy, ); }; };
		D5A799A41B8EFC2B00F029F5 /* NotificationSettingVC.swift in Sources */ = {isa = PBXBuildFile; fileRef = D5A799A31B8EFC2B00F029F5 /* NotificationSettingVC.swift */; settings = {ASSET_TAGS = (); }; };
/* End PBXBuildFile section */

/* Begin PBXCopyFilesBuildPhase section */
		D540FD6B1B95AAD500D581F9 /* Embed Frameworks */ = {
			isa = PBXCopyFilesBuildPhase;
			buildActionMask = 2147483647;
			dstPath = "";
			dstSubfolderSpec = 10;
			files = (
				D540FD6A1B95AAD500D581F9 /* IoTCloudSDK.framework in Embed Frameworks */,
			);
			name = "Embed Frameworks";
			runOnlyForDeploymentPostprocessing = 0;
		};
/* End PBXCopyFilesBuildPhase section */

/* Begin PBXFileReference section */
		7D108ADA1B7210C8006EA12B /* AppDelegate.swift */ = {isa = PBXFileReference; lastKnownFileType = sourcecode.swift; path = AppDelegate.swift; sourceTree = "<group>"; };
		7D108ADC1B7210C8006EA12B /* ViewController.swift */ = {isa = PBXFileReference; lastKnownFileType = sourcecode.swift; path = ViewController.swift; sourceTree = "<group>"; };
		7D108ADF1B7210C8006EA12B /* Base */ = {isa = PBXFileReference; lastKnownFileType = file.storyboard; name = Base; path = Base.lproj/Main.storyboard; sourceTree = "<group>"; };
		7D108AE11B7210C8006EA12B /* Assets.xcassets */ = {isa = PBXFileReference; lastKnownFileType = folder.assetcatalog; path = Assets.xcassets; sourceTree = "<group>"; };
		7D108AE41B7210C8006EA12B /* Base */ = {isa = PBXFileReference; lastKnownFileType = file.storyboard; name = Base; path = Base.lproj/LaunchScreen.storyboard; sourceTree = "<group>"; };
		7D108AE61B7210C8006EA12B /* Info.plist */ = {isa = PBXFileReference; lastKnownFileType = text.plist.xml; path = Info.plist; sourceTree = "<group>"; };
		7D19188D1B8DB4A6007F2885 /* TriggerListViewController.swift */ = {isa = PBXFileReference; fileEncoding = 4; lastKnownFileType = sourcecode.swift; path = TriggerListViewController.swift; sourceTree = "<group>"; };
		7D19188F1B8DC84C007F2885 /* TriggerDetailViewController.swift */ = {isa = PBXFileReference; fileEncoding = 4; lastKnownFileType = sourcecode.swift; path = TriggerDetailViewController.swift; sourceTree = "<group>"; };
		7D3314871B91B0B500A6DDFB /* ClauseHelper.swift */ = {isa = PBXFileReference; fileEncoding = 4; lastKnownFileType = sourcecode.swift; path = ClauseHelper.swift; sourceTree = "<group>"; };
		7D3314921B91C08B00A6DDFB /* StatusBoolTypeTableViewCell.swift */ = {isa = PBXFileReference; fileEncoding = 4; lastKnownFileType = sourcecode.swift; path = StatusBoolTypeTableViewCell.swift; sourceTree = "<group>"; };
		7D3314961B91C30B00A6DDFB /* StatusNumberTypeTableViewCell.swift */ = {isa = PBXFileReference; fileEncoding = 4; lastKnownFileType = sourcecode.swift; path = StatusNumberTypeTableViewCell.swift; sourceTree = "<group>"; };
		7D3DFB5D1B8EF1B80055BE18 /* Triggers.storyboard */ = {isa = PBXFileReference; fileEncoding = 4; lastKnownFileType = file.storyboard; path = Triggers.storyboard; sourceTree = "<group>"; };
		7D3DFB5F1B8EF2420055BE18 /* State.storyboard */ = {isa = PBXFileReference; fileEncoding = 4; lastKnownFileType = file.storyboard; path = State.storyboard; sourceTree = "<group>"; };
		7D3DFB661B8EFA460055BE18 /* CommandNewViewController.swift */ = {isa = PBXFileReference; fileEncoding = 4; lastKnownFileType = sourcecode.swift; path = CommandNewViewController.swift; sourceTree = "<group>"; };
		7D3DFB681B8EFF650055BE18 /* StatesPredicateViewController.swift */ = {isa = PBXFileReference; fileEncoding = 4; lastKnownFileType = sourcecode.swift; path = StatesPredicateViewController.swift; sourceTree = "<group>"; };
		7D44C18C1B8EEC3100F19FA3 /* Onboarding.storyboard */ = {isa = PBXFileReference; fileEncoding = 4; lastKnownFileType = file.storyboard; path = Onboarding.storyboard; sourceTree = "<group>"; };
		7D44C18E1B8EEC9A00F19FA3 /* Commands.storyboard */ = {isa = PBXFileReference; fileEncoding = 4; lastKnownFileType = file.storyboard; path = Commands.storyboard; sourceTree = "<group>"; };
		7D45C0791B91E84500378D6D /* IntervalStatusTableViewCell.swift */ = {isa = PBXFileReference; fileEncoding = 4; lastKnownFileType = sourcecode.swift; path = IntervalStatusTableViewCell.swift; sourceTree = "<group>"; };
		7D783E491B85CD9100543A09 /* SampleProject.app */ = {isa = PBXFileReference; explicitFileType = wrapper.application; includeInIndex = 0; path = SampleProject.app; sourceTree = BUILT_PRODUCTS_DIR; };
		7D783E4A1B87152600543A09 /* KiiSDK.framework */ = {isa = PBXFileReference; lastKnownFileType = wrapper.framework; name = KiiSDK.framework; path = SampleProject/KiiSDK.framework; sourceTree = "<group>"; };
		7D783E4C1B87157F00543A09 /* libsqlite3.tbd */ = {isa = PBXFileReference; lastKnownFileType = "sourcecode.text-based-dylib-definition"; name = libsqlite3.tbd; path = usr/lib/libsqlite3.tbd; sourceTree = SDKROOT; };
		7D783E4F1B8715E500543A09 /* SampleProject-Bridging-Header.h */ = {isa = PBXFileReference; lastKnownFileType = sourcecode.c.h; path = "SampleProject-Bridging-Header.h"; sourceTree = "<group>"; };
		7D8FAB4C1B8EB00100D57F8E /* CommandEditViewController.swift */ = {isa = PBXFileReference; fileEncoding = 4; lastKnownFileType = sourcecode.swift; path = CommandEditViewController.swift; sourceTree = "<group>"; };
		7D8FAB501B8EC26900D57F8E /* TriggerCommandEditViewController.swift */ = {isa = PBXFileReference; fileEncoding = 4; lastKnownFileType = sourcecode.swift; path = TriggerCommandEditViewController.swift; sourceTree = "<group>"; };
		7D96858B1B8AF3C90017CA7D /* LoginViewController.swift */ = {isa = PBXFileReference; fileEncoding = 4; lastKnownFileType = sourcecode.swift; path = LoginViewController.swift; sourceTree = "<group>"; };
		7DB3F6E51B8B133D00AE8254 /* OnBoardViewController.swift */ = {isa = PBXFileReference; fileEncoding = 4; lastKnownFileType = sourcecode.swift; path = OnBoardViewController.swift; sourceTree = "<group>"; };
		7DB3F6E71B8B243600AE8254 /* Properties.plist */ = {isa = PBXFileReference; fileEncoding = 4; lastKnownFileType = text.plist.xml; path = Properties.plist; sourceTree = "<group>"; };
		7DB3F6EB1B8B2DED00AE8254 /* TabBarViewController.swift */ = {isa = PBXFileReference; fileEncoding = 4; lastKnownFileType = sourcecode.swift; path = TabBarViewController.swift; sourceTree = "<group>"; };
		7DB3F6ED1B8BF90F00AE8254 /* StateViewController.swift */ = {isa = PBXFileReference; fileEncoding = 4; lastKnownFileType = sourcecode.swift; path = StateViewController.swift; sourceTree = "<group>"; };
		7DB3F6EF1B8BFB0200AE8254 /* UIViewController+showAlert.swift.swift */ = {isa = PBXFileReference; fileEncoding = 4; lastKnownFileType = sourcecode.swift; path = "UIViewController+showAlert.swift.swift"; sourceTree = "<group>"; };
		7DB3F6F11B8BFDA900AE8254 /* KiiBaseTableViewController.swift */ = {isa = PBXFileReference; fileEncoding = 4; lastKnownFileType = sourcecode.swift; path = KiiBaseTableViewController.swift; sourceTree = "<group>"; };
		7DB3F6F31B8C1DD400AE8254 /* CommandsListViewController.swift */ = {isa = PBXFileReference; fileEncoding = 4; lastKnownFileType = sourcecode.swift; path = CommandsListViewController.swift; sourceTree = "<group>"; };
		7DB3F6F61B8C5B0100AE8254 /* CommandViewController.swift */ = {isa = PBXFileReference; fileEncoding = 4; lastKnownFileType = sourcecode.swift; path = CommandViewController.swift; sourceTree = "<group>"; };
		7DCDBD821B90703C00AB006B /* AndOrClauseViewController.swift */ = {isa = PBXFileReference; fileEncoding = 4; lastKnownFileType = sourcecode.swift; path = AndOrClauseViewController.swift; sourceTree = "<group>"; };
		7DCDBD851B90986700AB006B /* IoTSchema.swift */ = {isa = PBXFileReference; fileEncoding = 4; lastKnownFileType = sourcecode.swift; path = IoTSchema.swift; sourceTree = "<group>"; };
		D5351AA81B8ED6D900E55807 /* Base */ = {isa = PBXFileReference; lastKnownFileType = file.storyboard; name = Base; path = Base.lproj/Notifications.storyboard; sourceTree = "<group>"; };
		D5351AAA1B8EDA8900E55807 /* NotificationViewController.swift */ = {isa = PBXFileReference; fileEncoding = 4; lastKnownFileType = sourcecode.swift; path = NotificationViewController.swift; sourceTree = "<group>"; };
		D540FD681B95AAD500D581F9 /* IoTCloudSDK.framework */ = {isa = PBXFileReference; explicitFileType = wrapper.framework; name = IoTCloudSDK.framework; path = "/Users/syahriza/Library/Developer/Xcode/DerivedData/IoTCloudSDK-cnzkjciksqncudesatvvajczgfyx/Build/Products/Debug-iphoneos/IoTCloudSDK.framework"; sourceTree = "<absolute>"; };
		D5A799A31B8EFC2B00F029F5 /* NotificationSettingVC.swift */ = {isa = PBXFileReference; fileEncoding = 4; lastKnownFileType = sourcecode.swift; path = NotificationSettingVC.swift; sourceTree = "<group>"; };
/* End PBXFileReference section */

/* Begin PBXFrameworksBuildPhase section */
		7D108AD41B7210C8006EA12B /* Frameworks */ = {
			isa = PBXFrameworksBuildPhase;
			buildActionMask = 2147483647;
			files = (
				7D783E4D1B87157F00543A09 /* libsqlite3.tbd in Frameworks */,
				D540FD691B95AAD500D581F9 /* IoTCloudSDK.framework in Frameworks */,
				7D783E4B1B87152600543A09 /* KiiSDK.framework in Frameworks */,
			);
			runOnlyForDeploymentPostprocessing = 0;
		};
/* End PBXFrameworksBuildPhase section */

/* Begin PBXGroup section */
		7D108ACE1B7210C8006EA12B = {
			isa = PBXGroup;
			children = (
				D540FD681B95AAD500D581F9 /* IoTCloudSDK.framework */,
				7D783E4E1B87159400543A09 /* frameworks */,
				7D108AD91B7210C8006EA12B /* SampleProject */,
				7D783E491B85CD9100543A09 /* SampleProject.app */,
				7D783E4F1B8715E500543A09 /* SampleProject-Bridging-Header.h */,
			);
			sourceTree = "<group>";
		};
		7D108AD91B7210C8006EA12B /* SampleProject */ = {
			isa = PBXGroup;
			children = (
				7D33148F1B91C06600A6DDFB /* Views */,
				7DCDBD841B9097FD00AB006B /* SmartLightDemo */,
				7D3DFB631B8EF9090055BE18 /* TriggerVC */,
				7D3DFB621B8EF8ED0055BE18 /* CommandVC */,
				7D3DFB611B8EF33A0055BE18 /* Storyboards */,
				7D108ADA1B7210C8006EA12B /* AppDelegate.swift */,
				7D108ADC1B7210C8006EA12B /* ViewController.swift */,
				7D108AE11B7210C8006EA12B /* Assets.xcassets */,
				7D108AE61B7210C8006EA12B /* Info.plist */,
				7D96858B1B8AF3C90017CA7D /* LoginViewController.swift */,
				7DB3F6E51B8B133D00AE8254 /* OnBoardViewController.swift */,
				7DB3F6E71B8B243600AE8254 /* Properties.plist */,
				7DB3F6EB1B8B2DED00AE8254 /* TabBarViewController.swift */,
				7DB3F6ED1B8BF90F00AE8254 /* StateViewController.swift */,
				7DB3F6EF1B8BFB0200AE8254 /* UIViewController+showAlert.swift.swift */,
				7DB3F6F11B8BFDA900AE8254 /* KiiBaseTableViewController.swift */,
				D5351AAA1B8EDA8900E55807 /* NotificationViewController.swift */,
				7DCDBD851B90986700AB006B /* IoTSchema.swift */,
				7D3314871B91B0B500A6DDFB /* ClauseHelper.swift */,
			);
			path = SampleProject;
			sourceTree = "<group>";
		};
		7D33148F1B91C06600A6DDFB /* Views */ = {
			isa = PBXGroup;
			children = (
				7D3314921B91C08B00A6DDFB /* StatusBoolTypeTableViewCell.swift */,
				7D3314961B91C30B00A6DDFB /* StatusNumberTypeTableViewCell.swift */,
				7D45C0791B91E84500378D6D /* IntervalStatusTableViewCell.swift */,
			);
			path = Views;
			sourceTree = "<group>";
		};
		7D3DFB611B8EF33A0055BE18 /* Storyboards */ = {
			isa = PBXGroup;
			children = (
				7D108AE31B7210C8006EA12B /* LaunchScreen.storyboard */,
				7D108ADE1B7210C8006EA12B /* Main.storyboard */,
				D5351AA71B8ED6D900E55807 /* Notifications.storyboard */,
				7D44C18C1B8EEC3100F19FA3 /* Onboarding.storyboard */,
				7D44C18E1B8EEC9A00F19FA3 /* Commands.storyboard */,
				7D3DFB5D1B8EF1B80055BE18 /* Triggers.storyboard */,
				7D3DFB5F1B8EF2420055BE18 /* State.storyboard */,
			);
			name = Storyboards;
			sourceTree = "<group>";
		};
		7D3DFB621B8EF8ED0055BE18 /* CommandVC */ = {
			isa = PBXGroup;
			children = (
				7DB3F6F31B8C1DD400AE8254 /* CommandsListViewController.swift */,
				7DB3F6F61B8C5B0100AE8254 /* CommandViewController.swift */,
				7D8FAB4C1B8EB00100D57F8E /* CommandEditViewController.swift */,
				7D3DFB661B8EFA460055BE18 /* CommandNewViewController.swift */,
			);
			name = CommandVC;
			sourceTree = "<group>";
		};
		7D3DFB631B8EF9090055BE18 /* TriggerVC */ = {
			isa = PBXGroup;
			children = (
				7D19188D1B8DB4A6007F2885 /* TriggerListViewController.swift */,
				7D19188F1B8DC84C007F2885 /* TriggerDetailViewController.swift */,
				7D8FAB501B8EC26900D57F8E /* TriggerCommandEditViewController.swift */,
				D5A799A31B8EFC2B00F029F5 /* NotificationSettingVC.swift */,
				7D3DFB681B8EFF650055BE18 /* StatesPredicateViewController.swift */,
				7DCDBD821B90703C00AB006B /* AndOrClauseViewController.swift */,
			);
			name = TriggerVC;
			sourceTree = "<group>";
		};
		7D783E4E1B87159400543A09 /* frameworks */ = {
			isa = PBXGroup;
			children = (
				7D783E4C1B87157F00543A09 /* libsqlite3.tbd */,
				7D783E4A1B87152600543A09 /* KiiSDK.framework */,
			);
			name = frameworks;
			sourceTree = "<group>";
		};
		7DCDBD841B9097FD00AB006B /* SmartLightDemo */ = {
			isa = PBXGroup;
			children = (
			);
			path = SmartLightDemo;
			sourceTree = "<group>";
		};
/* End PBXGroup section */

/* Begin PBXNativeTarget section */
		7D108AD61B7210C8006EA12B /* SampleProject */ = {
			isa = PBXNativeTarget;
			buildConfigurationList = 7D108AFF1B7210C8006EA12B /* Build configuration list for PBXNativeTarget "SampleProject" */;
			buildPhases = (
				7D108AD31B7210C8006EA12B /* Sources */,
				7D108AD41B7210C8006EA12B /* Frameworks */,
				7D108AD51B7210C8006EA12B /* Resources */,
				D540FD6B1B95AAD500D581F9 /* Embed Frameworks */,
			);
			buildRules = (
			);
			dependencies = (
			);
			name = SampleProject;
			productName = SampleProject;
			productReference = 7D783E491B85CD9100543A09 /* SampleProject.app */;
			productType = "com.apple.product-type.application";
		};
/* End PBXNativeTarget section */

/* Begin PBXProject section */
		7D108ACF1B7210C8006EA12B /* Project object */ = {
			isa = PBXProject;
			attributes = {
				LastSwiftUpdateCheck = 0700;
				LastUpgradeCheck = 0700;
				ORGANIZATIONNAME = "Kii Corporation";
				TargetAttributes = {
					7D108AD61B7210C8006EA12B = {
						CreatedOnToolsVersion = 7.0;
						DevelopmentTeam = N5QLD3RVE2;
						SystemCapabilities = {
							com.apple.BackgroundModes = {
								enabled = 1;
							};
							com.apple.Push = {
								enabled = 1;
							};
						};
					};
				};
			};
			buildConfigurationList = 7D108AD21B7210C8006EA12B /* Build configuration list for PBXProject "SampleProject" */;
			compatibilityVersion = "Xcode 3.2";
			developmentRegion = English;
			hasScannedForEncodings = 0;
			knownRegions = (
				en,
				Base,
			);
			mainGroup = 7D108ACE1B7210C8006EA12B;
			productRefGroup = 7D108ACE1B7210C8006EA12B;
			projectDirPath = "";
			projectRoot = "";
			targets = (
				7D108AD61B7210C8006EA12B /* SampleProject */,
			);
		};
/* End PBXProject section */

/* Begin PBXResourcesBuildPhase section */
		7D108AD51B7210C8006EA12B /* Resources */ = {
			isa = PBXResourcesBuildPhase;
			buildActionMask = 2147483647;
			files = (
				7D108AE51B7210C8006EA12B /* LaunchScreen.storyboard in Resources */,
				7D3DFB5E1B8EF1B80055BE18 /* Triggers.storyboard in Resources */,
				D5351AA91B8ED6D900E55807 /* Notifications.storyboard in Resources */,
				7D108AE21B7210C8006EA12B /* Assets.xcassets in Resources */,
				7D44C18D1B8EEC3100F19FA3 /* Onboarding.storyboard in Resources */,
				7D108AE01B7210C8006EA12B /* Main.storyboard in Resources */,
				7D44C18F1B8EEC9A00F19FA3 /* Commands.storyboard in Resources */,
				7DB3F6E81B8B243600AE8254 /* Properties.plist in Resources */,
				7D3DFB601B8EF2420055BE18 /* State.storyboard in Resources */,
			);
			runOnlyForDeploymentPostprocessing = 0;
		};
/* End PBXResourcesBuildPhase section */

/* Begin PBXSourcesBuildPhase section */
		7D108AD31B7210C8006EA12B /* Sources */ = {
			isa = PBXSourcesBuildPhase;
			buildActionMask = 2147483647;
			files = (
				7D3DFB691B8EFF650055BE18 /* StatesPredicateViewController.swift in Sources */,
				7DB3F6F71B8C5B0100AE8254 /* CommandViewController.swift in Sources */,
				D5351AAB1B8EDA8900E55807 /* NotificationViewController.swift in Sources */,
				7DB3F6F01B8BFB0200AE8254 /* UIViewController+showAlert.swift.swift in Sources */,
				7DCDBD831B90703C00AB006B /* AndOrClauseViewController.swift in Sources */,
				7DB3F6EE1B8BF90F00AE8254 /* StateViewController.swift in Sources */,
				7D3314881B91B0B500A6DDFB /* ClauseHelper.swift in Sources */,
				7DCDBD861B90986700AB006B /* IoTSchema.swift in Sources */,
				7D96858C1B8AF3C90017CA7D /* LoginViewController.swift in Sources */,
				7D8FAB511B8EC26900D57F8E /* TriggerCommandEditViewController.swift in Sources */,
				7D19188E1B8DB4A6007F2885 /* TriggerListViewController.swift in Sources */,
				7D8FAB4D1B8EB00100D57F8E /* CommandEditViewController.swift in Sources */,
				7D3DFB671B8EFA460055BE18 /* CommandNewViewController.swift in Sources */,
				7D108ADD1B7210C8006EA12B /* ViewController.swift in Sources */,
				7D3314931B91C08B00A6DDFB /* StatusBoolTypeTableViewCell.swift in Sources */,
				7DB3F6F41B8C1DD400AE8254 /* CommandsListViewController.swift in Sources */,
				7D45C07A1B91E84500378D6D /* IntervalStatusTableViewCell.swift in Sources */,
				7DB3F6F21B8BFDA900AE8254 /* KiiBaseTableViewController.swift in Sources */,
				7D1918901B8DC84C007F2885 /* TriggerDetailViewController.swift in Sources */,
				D5A799A41B8EFC2B00F029F5 /* NotificationSettingVC.swift in Sources */,
				7D3314971B91C30B00A6DDFB /* StatusNumberTypeTableViewCell.swift in Sources */,
				7DB3F6E61B8B133D00AE8254 /* OnBoardViewController.swift in Sources */,
				7DB3F6EC1B8B2DED00AE8254 /* TabBarViewController.swift in Sources */,
				7D108ADB1B7210C8006EA12B /* AppDelegate.swift in Sources */,
			);
			runOnlyForDeploymentPostprocessing = 0;
		};
/* End PBXSourcesBuildPhase section */

/* Begin PBXVariantGroup section */
		7D108ADE1B7210C8006EA12B /* Main.storyboard */ = {
			isa = PBXVariantGroup;
			children = (
				7D108ADF1B7210C8006EA12B /* Base */,
			);
			name = Main.storyboard;
			sourceTree = "<group>";
		};
		7D108AE31B7210C8006EA12B /* LaunchScreen.storyboard */ = {
			isa = PBXVariantGroup;
			children = (
				7D108AE41B7210C8006EA12B /* Base */,
			);
			name = LaunchScreen.storyboard;
			sourceTree = "<group>";
		};
		D5351AA71B8ED6D900E55807 /* Notifications.storyboard */ = {
			isa = PBXVariantGroup;
			children = (
				D5351AA81B8ED6D900E55807 /* Base */,
			);
			name = Notifications.storyboard;
			sourceTree = "<group>";
		};
/* End PBXVariantGroup section */

/* Begin XCBuildConfiguration section */
		7D108AFD1B7210C8006EA12B /* Debug */ = {
			isa = XCBuildConfiguration;
			buildSettings = {
				ALWAYS_SEARCH_USER_PATHS = NO;
				CLANG_CXX_LANGUAGE_STANDARD = "gnu++0x";
				CLANG_CXX_LIBRARY = "libc++";
				CLANG_ENABLE_MODULES = YES;
				CLANG_ENABLE_OBJC_ARC = YES;
				CLANG_WARN_BOOL_CONVERSION = YES;
				CLANG_WARN_CONSTANT_CONVERSION = YES;
				CLANG_WARN_DIRECT_OBJC_ISA_USAGE = YES_ERROR;
				CLANG_WARN_EMPTY_BODY = YES;
				CLANG_WARN_ENUM_CONVERSION = YES;
				CLANG_WARN_INT_CONVERSION = YES;
				CLANG_WARN_OBJC_ROOT_CLASS = YES_ERROR;
				CLANG_WARN_UNREACHABLE_CODE = YES;
				CLANG_WARN__DUPLICATE_METHOD_MATCH = YES;
				"CODE_SIGN_IDENTITY[sdk=iphoneos*]" = "iPhone Developer";
				COPY_PHASE_STRIP = NO;
				DEBUG_INFORMATION_FORMAT = dwarf;
				ENABLE_STRICT_OBJC_MSGSEND = YES;
				ENABLE_TESTABILITY = YES;
				GCC_C_LANGUAGE_STANDARD = gnu99;
				GCC_DYNAMIC_NO_PIC = NO;
				GCC_NO_COMMON_BLOCKS = YES;
				GCC_OPTIMIZATION_LEVEL = 0;
				GCC_PREPROCESSOR_DEFINITIONS = (
					"DEBUG=1",
					"$(inherited)",
				);
				GCC_WARN_64_TO_32_BIT_CONVERSION = YES;
				GCC_WARN_ABOUT_RETURN_TYPE = YES_ERROR;
				GCC_WARN_UNDECLARED_SELECTOR = YES;
				GCC_WARN_UNINITIALIZED_AUTOS = YES_AGGRESSIVE;
				GCC_WARN_UNUSED_FUNCTION = YES;
				GCC_WARN_UNUSED_VARIABLE = YES;
				IPHONEOS_DEPLOYMENT_TARGET = 9.0;
				MTL_ENABLE_DEBUG_INFO = YES;
				ONLY_ACTIVE_ARCH = YES;
				SDKROOT = iphoneos;
				SWIFT_OPTIMIZATION_LEVEL = "-Onone";
			};
			name = Debug;
		};
		7D108AFE1B7210C8006EA12B /* Release */ = {
			isa = XCBuildConfiguration;
			buildSettings = {
				ALWAYS_SEARCH_USER_PATHS = NO;
				CLANG_CXX_LANGUAGE_STANDARD = "gnu++0x";
				CLANG_CXX_LIBRARY = "libc++";
				CLANG_ENABLE_MODULES = YES;
				CLANG_ENABLE_OBJC_ARC = YES;
				CLANG_WARN_BOOL_CONVERSION = YES;
				CLANG_WARN_CONSTANT_CONVERSION = YES;
				CLANG_WARN_DIRECT_OBJC_ISA_USAGE = YES_ERROR;
				CLANG_WARN_EMPTY_BODY = YES;
				CLANG_WARN_ENUM_CONVERSION = YES;
				CLANG_WARN_INT_CONVERSION = YES;
				CLANG_WARN_OBJC_ROOT_CLASS = YES_ERROR;
				CLANG_WARN_UNREACHABLE_CODE = YES;
				CLANG_WARN__DUPLICATE_METHOD_MATCH = YES;
				"CODE_SIGN_IDENTITY[sdk=iphoneos*]" = "iPhone Developer";
				COPY_PHASE_STRIP = NO;
				DEBUG_INFORMATION_FORMAT = "dwarf-with-dsym";
				ENABLE_NS_ASSERTIONS = NO;
				ENABLE_STRICT_OBJC_MSGSEND = YES;
				GCC_C_LANGUAGE_STANDARD = gnu99;
				GCC_NO_COMMON_BLOCKS = YES;
				GCC_WARN_64_TO_32_BIT_CONVERSION = YES;
				GCC_WARN_ABOUT_RETURN_TYPE = YES_ERROR;
				GCC_WARN_UNDECLARED_SELECTOR = YES;
				GCC_WARN_UNINITIALIZED_AUTOS = YES_AGGRESSIVE;
				GCC_WARN_UNUSED_FUNCTION = YES;
				GCC_WARN_UNUSED_VARIABLE = YES;
				IPHONEOS_DEPLOYMENT_TARGET = 9.0;
				MTL_ENABLE_DEBUG_INFO = NO;
				SDKROOT = iphoneos;
				VALIDATE_PRODUCT = YES;
			};
			name = Release;
		};
		7D108B001B7210C8006EA12B /* Debug */ = {
			isa = XCBuildConfiguration;
			buildSettings = {
				ASSETCATALOG_COMPILER_APPICON_NAME = AppIcon;
				CLANG_ENABLE_MODULES = YES;
				CODE_SIGN_IDENTITY = "iPhone Developer";
				"CODE_SIGN_IDENTITY[sdk=iphoneos*]" = "iPhone Developer";
				ENABLE_BITCODE = NO;
				FRAMEWORK_SEARCH_PATHS = (
					"$(inherited)",
					"$(PROJECT_DIR)/SampleProject",
				);
				INFOPLIST_FILE = SampleProject/Info.plist;
				IPHONEOS_DEPLOYMENT_TARGET = 9.0;
				LD_RUNPATH_SEARCH_PATHS = "$(inherited) @executable_path/Frameworks";
				PRODUCT_BUNDLE_IDENTIFIER = com.kii.SampleProject;
				PRODUCT_NAME = "$(TARGET_NAME)";
				PROVISIONING_PROFILE = "";
				SWIFT_OBJC_BRIDGING_HEADER = "SampleProject-Bridging-Header.h";
				SWIFT_OPTIMIZATION_LEVEL = "-Onone";
				TARGETED_DEVICE_FAMILY = 1;
			};
			name = Debug;
		};
		7D108B011B7210C8006EA12B /* Release */ = {
			isa = XCBuildConfiguration;
			buildSettings = {
				ASSETCATALOG_COMPILER_APPICON_NAME = AppIcon;
				CLANG_ENABLE_MODULES = YES;
				CODE_SIGN_IDENTITY = "iPhone Developer";
				"CODE_SIGN_IDENTITY[sdk=iphoneos*]" = "iPhone Developer";
				ENABLE_BITCODE = NO;
				FRAMEWORK_SEARCH_PATHS = (
					"$(inherited)",
					"$(PROJECT_DIR)/SampleProject",
				);
				INFOPLIST_FILE = SampleProject/Info.plist;
				IPHONEOS_DEPLOYMENT_TARGET = 9.0;
				LD_RUNPATH_SEARCH_PATHS = "$(inherited) @executable_path/Frameworks";
				PRODUCT_BUNDLE_IDENTIFIER = com.kii.SampleProject;
				PRODUCT_NAME = "$(TARGET_NAME)";
				PROVISIONING_PROFILE = "";
				SWIFT_OBJC_BRIDGING_HEADER = "SampleProject-Bridging-Header.h";
				TARGETED_DEVICE_FAMILY = 1;
			};
			name = Release;
		};
/* End XCBuildConfiguration section */

/* Begin XCConfigurationList section */
		7D108AD21B7210C8006EA12B /* Build configuration list for PBXProject "SampleProject" */ = {
			isa = XCConfigurationList;
			buildConfigurations = (
				7D108AFD1B7210C8006EA12B /* Debug */,
				7D108AFE1B7210C8006EA12B /* Release */,
			);
			defaultConfigurationIsVisible = 0;
			defaultConfigurationName = Release;
		};
		7D108AFF1B7210C8006EA12B /* Build configuration list for PBXNativeTarget "SampleProject" */ = {
			isa = XCConfigurationList;
			buildConfigurations = (
				7D108B001B7210C8006EA12B /* Debug */,
				7D108B011B7210C8006EA12B /* Release */,
			);
			defaultConfigurationIsVisible = 0;
			defaultConfigurationName = Release;
		};
/* End XCConfigurationList section */
	};
	rootObject = 7D108ACF1B7210C8006EA12B /* Project object */;
}
