// !$*UTF8*$!
{
	archiveVersion = 1;
	classes = {
	};
	objectVersion = 46;
	objects = {

/* Begin PBXBuildFile section */
		220FEACE1D3F7E450019A77E /* DataGroupingInterval.swift in Sources */ = {isa = PBXBuildFile; fileRef = 220FEACD1D3F7E450019A77E /* DataGroupingInterval.swift */; };
		224051F81D40D2360001BF4E /* LayoutPosition.swift in Sources */ = {isa = PBXBuildFile; fileRef = 224051F71D40D2360001BF4E /* LayoutPosition.swift */; };
		224051FA1D40D5C90001BF4E /* OnboardWithThingIDOptions.swift in Sources */ = {isa = PBXBuildFile; fileRef = 224051F91D40D5C90001BF4E /* OnboardWithThingIDOptions.swift */; };
		224051FC1D40DB4F0001BF4E /* OnboardWithVendorThingIDOptions.swift in Sources */ = {isa = PBXBuildFile; fileRef = 224051FB1D40DB4F0001BF4E /* OnboardWithVendorThingIDOptions.swift */; };
		2242770A1CEAE803004369EE /* OnboardGatewayTests.swift in Sources */ = {isa = PBXBuildFile; fileRef = 224277091CEAE803004369EE /* OnboardGatewayTests.swift */; };
		2242770C1CEB17BD004369EE /* GatewayAPINSCodingTests.swift in Sources */ = {isa = PBXBuildFile; fileRef = 2242770B1CEB17BD004369EE /* GatewayAPINSCodingTests.swift */; };
		2242770E1CEB1AA2004369EE /* ReplaceEndNodeTests.swift in Sources */ = {isa = PBXBuildFile; fileRef = 2242770D1CEB1AA2004369EE /* ReplaceEndNodeTests.swift */; };
		224277101CEB2BB9004369EE /* GatewayAPIRestoreTests.swift in Sources */ = {isa = PBXBuildFile; fileRef = 2242770F1CEB2BB9004369EE /* GatewayAPIRestoreTests.swift */; };
		224FA09B1D59A5460011327C /* OnboardAPITests.swift in Sources */ = {isa = PBXBuildFile; fileRef = 224FA09A1D59A5460011327C /* OnboardAPITests.swift */; };
		22537F881CE44E42006C214D /* OnboardEndnodeWithGatewayTests.swift in Sources */ = {isa = PBXBuildFile; fileRef = 22537F871CE44E42006C214D /* OnboardEndnodeWithGatewayTests.swift */; };
		22537F8A1CE44E8C006C214D /* UpdateVendorThingIDTests.swift in Sources */ = {isa = PBXBuildFile; fileRef = 22537F891CE44E8C006C214D /* UpdateVendorThingIDTests.swift */; };
		22537F8C1CE44EC2006C214D /* GetVendorThingIDTests.swift in Sources */ = {isa = PBXBuildFile; fileRef = 22537F8B1CE44EC2006C214D /* GetVendorThingIDTests.swift */; };
		2254F2151CE9929E00703185 /* GetGatewayInformationTests.swift in Sources */ = {isa = PBXBuildFile; fileRef = 2254F2141CE9929E00703185 /* GetGatewayInformationTests.swift */; };
		2254F2171CE99C5C00703185 /* ListPendingEndNodesTests.swift in Sources */ = {isa = PBXBuildFile; fileRef = 2254F2161CE99C5C00703185 /* ListPendingEndNodesTests.swift */; };
		2254F2191CE9C8E900703185 /* GatewayAPILoginTests.swift in Sources */ = {isa = PBXBuildFile; fileRef = 2254F2181CE9C8E900703185 /* GatewayAPILoginTests.swift */; };
		2254F21B1CE9DFE000703185 /* NotifyOnboardingCompletionTests.swift in Sources */ = {isa = PBXBuildFile; fileRef = 2254F21A1CE9DFE000703185 /* NotifyOnboardingCompletionTests.swift */; };
		2255434D1CEC34A900C73418 /* GatewayAPIStoredInstanceTests.swift in Sources */ = {isa = PBXBuildFile; fileRef = 2255434C1CEC34A900C73418 /* GatewayAPIStoredInstanceTests.swift */; };
		225A591C1C8ED0EE0042B007 /* ConditionNSCodingTests.swift in Sources */ = {isa = PBXBuildFile; fileRef = 225A591B1C8ED0EE0042B007 /* ConditionNSCodingTests.swift */; };
		225A591E1C8ED8440042B007 /* ClauseNSCodingTests.swift in Sources */ = {isa = PBXBuildFile; fileRef = 225A591D1C8ED8440042B007 /* ClauseNSCodingTests.swift */; };
		225E43381CC5FF55003A3C4B /* GatewayInformation.swift in Sources */ = {isa = PBXBuildFile; fileRef = 225E43371CC5FF55003A3C4B /* GatewayInformation.swift */; };
		225E433A1CC606E6003A3C4B /* GatewayAPIBuilder.swift in Sources */ = {isa = PBXBuildFile; fileRef = 225E43391CC606E6003A3C4B /* GatewayAPIBuilder.swift */; };
		2264021C1CD1DD8000E30967 /* StandaloneThing.swift in Sources */ = {isa = PBXBuildFile; fileRef = 2264021B1CD1DD8000E30967 /* StandaloneThing.swift */; };
		2264021E1CD1E67B00E30967 /* EndNode.swift in Sources */ = {isa = PBXBuildFile; fileRef = 2264021D1CD1E67B00E30967 /* EndNode.swift */; };
		226402201CD1E96300E30967 /* Gateway.swift in Sources */ = {isa = PBXBuildFile; fileRef = 2264021F1CD1E96300E30967 /* Gateway.swift */; };
		2268EBA91CF2DA2E007F54E6 /* ListOnboardedEndNodesTests.swift in Sources */ = {isa = PBXBuildFile; fileRef = 2268EBA81CF2DA2E007F54E6 /* ListOnboardedEndNodesTests.swift */; };
		226C79871D4F19B700E8C440 /* OnboardTests.swift in Sources */ = {isa = PBXBuildFile; fileRef = 226C79861D4F19B700E8C440 /* OnboardTests.swift */; };
		226CD83E1CE5A3490049252A /* GetGatewayIDTests.swift in Sources */ = {isa = PBXBuildFile; fileRef = 226CD83D1CE5A3490049252A /* GetGatewayIDTests.swift */; };
		226CD8401CE5A7480049252A /* GatewayAPITestBase.swift in Sources */ = {isa = PBXBuildFile; fileRef = 226CD83F1CE5A7480049252A /* GatewayAPITestBase.swift */; };
		226EA0CD1CD0CCFD002C1821 /* PendingEndNode.swift in Sources */ = {isa = PBXBuildFile; fileRef = 226EA0CC1CD0CCFD002C1821 /* PendingEndNode.swift */; };
		226EA0CF1CD0D1A9002C1821 /* Target.swift in Sources */ = {isa = PBXBuildFile; fileRef = 226EA0CE1CD0D1A9002C1821 /* Target.swift */; };
		226EA0D41CD0D883002C1821 /* TargetThing.swift in Sources */ = {isa = PBXBuildFile; fileRef = 226EA0D31CD0D883002C1821 /* TargetThing.swift */; };
		229039DA1D473FFB00B9D0B7 /* OnboardEndnodeWithGatewayOptions.swift in Sources */ = {isa = PBXBuildFile; fileRef = 229039D91D473FFB00B9D0B7 /* OnboardEndnodeWithGatewayOptions.swift */; };
		22ADEC071C89899B00F487D9 /* PredicateNSCodingTests.swift in Sources */ = {isa = PBXBuildFile; fileRef = 22ADEC061C89899B00F487D9 /* PredicateNSCodingTests.swift */; };
		22E486341CC4E1C000269A1E /* GatewayAPI.swift in Sources */ = {isa = PBXBuildFile; fileRef = 22E486331CC4E1C000269A1E /* GatewayAPI.swift */; };
		22F2E7801C8D60BD0011F85C /* TriggerNSCodingTests.swift in Sources */ = {isa = PBXBuildFile; fileRef = 22F2E77F1C8D60BD0011F85C /* TriggerNSCodingTests.swift */; };
		7419C2B81C27D10100F964FB /* App.swift in Sources */ = {isa = PBXBuildFile; fileRef = 7419C2B71C27D10100F964FB /* App.swift */; };
		743800F81C29303A005D8458 /* TestSetting.swift in Sources */ = {isa = PBXBuildFile; fileRef = 743800F71C29303A005D8458 /* TestSetting.swift */; };
		747196CF1D016EEC006B0937 /* Condition.swift in Sources */ = {isa = PBXBuildFile; fileRef = 747196CE1D016EEC006B0937 /* Condition.swift */; };
		747EB4BA1C858BFC00E30C31 /* SDKVersion.swift in Sources */ = {isa = PBXBuildFile; fileRef = 747EB4B91C858BFC00E30C31 /* SDKVersion.swift */; };
		7D36B6631BD4D03100D9B821 /* Clause.swift in Sources */ = {isa = PBXBuildFile; fileRef = 7D36B6371BD4D03100D9B821 /* Clause.swift */; };
		7D36B6641BD4D03100D9B821 /* Command.swift in Sources */ = {isa = PBXBuildFile; fileRef = 7D36B6381BD4D03100D9B821 /* Command.swift */; };
		7D36B66F1BD4D03100D9B821 /* IoTRequestOperation.swift in Sources */ = {isa = PBXBuildFile; fileRef = 7D36B6441BD4D03100D9B821 /* IoTRequestOperation.swift */; };
		7D36B6701BD4D03100D9B821 /* NetworkObserver.swift in Sources */ = {isa = PBXBuildFile; fileRef = 7D36B6451BD4D03100D9B821 /* NetworkObserver.swift */; };
		7D36B6711BD4D03100D9B821 /* NSNumber+checkTypes.swift in Sources */ = {isa = PBXBuildFile; fileRef = 7D36B6461BD4D03100D9B821 /* NSNumber+checkTypes.swift */; };
		7D36B6721BD4D03100D9B821 /* BlockObserver.swift in Sources */ = {isa = PBXBuildFile; fileRef = 7D36B6481BD4D03100D9B821 /* BlockObserver.swift */; };
		7D36B6731BD4D03100D9B821 /* BlockOperation.swift in Sources */ = {isa = PBXBuildFile; fileRef = 7D36B6491BD4D03100D9B821 /* BlockOperation.swift */; };
		7D36B6741BD4D03100D9B821 /* DelayOperation.swift in Sources */ = {isa = PBXBuildFile; fileRef = 7D36B64A1BD4D03100D9B821 /* DelayOperation.swift */; };
		7D36B6751BD4D03100D9B821 /* Dictionary+Operations.swift in Sources */ = {isa = PBXBuildFile; fileRef = 7D36B64B1BD4D03100D9B821 /* Dictionary+Operations.swift */; };
		7D36B6761BD4D03100D9B821 /* ExclusivityController.swift in Sources */ = {isa = PBXBuildFile; fileRef = 7D36B64C1BD4D03100D9B821 /* ExclusivityController.swift */; };
		7D36B6771BD4D03100D9B821 /* GroupOperation.swift in Sources */ = {isa = PBXBuildFile; fileRef = 7D36B64D1BD4D03100D9B821 /* GroupOperation.swift */; };
		7D36B6781BD4D03100D9B821 /* MutuallyExclusive.swift in Sources */ = {isa = PBXBuildFile; fileRef = 7D36B64E1BD4D03100D9B821 /* MutuallyExclusive.swift */; };
		7D36B6791BD4D03100D9B821 /* NegatedCondition.swift in Sources */ = {isa = PBXBuildFile; fileRef = 7D36B64F1BD4D03100D9B821 /* NegatedCondition.swift */; };
		7D36B67A1BD4D03100D9B821 /* NoCancelledDependencies.swift in Sources */ = {isa = PBXBuildFile; fileRef = 7D36B6501BD4D03100D9B821 /* NoCancelledDependencies.swift */; };
		7D36B67B1BD4D03100D9B821 /* NSData+Operations.swift in Sources */ = {isa = PBXBuildFile; fileRef = 7D36B6511BD4D03100D9B821 /* NSData+Operations.swift */; };
		7D36B67C1BD4D03100D9B821 /* NSLock+Operations.swift in Sources */ = {isa = PBXBuildFile; fileRef = 7D36B6521BD4D03100D9B821 /* NSLock+Operations.swift */; };
		7D36B67D1BD4D03100D9B821 /* NSOperation+Operations.swift in Sources */ = {isa = PBXBuildFile; fileRef = 7D36B6531BD4D03100D9B821 /* NSOperation+Operations.swift */; };
		7D36B67E1BD4D03100D9B821 /* Operation.swift in Sources */ = {isa = PBXBuildFile; fileRef = 7D36B6541BD4D03100D9B821 /* Operation.swift */; };
		7D36B67F1BD4D03100D9B821 /* OperationCondition.swift in Sources */ = {isa = PBXBuildFile; fileRef = 7D36B6551BD4D03100D9B821 /* OperationCondition.swift */; };
		7D36B6801BD4D03100D9B821 /* OperationErrors.swift in Sources */ = {isa = PBXBuildFile; fileRef = 7D36B6561BD4D03100D9B821 /* OperationErrors.swift */; };
		7D36B6811BD4D03100D9B821 /* OperationObserver.swift in Sources */ = {isa = PBXBuildFile; fileRef = 7D36B6571BD4D03100D9B821 /* OperationObserver.swift */; };
		7D36B6821BD4D03100D9B821 /* OperationQueue.swift in Sources */ = {isa = PBXBuildFile; fileRef = 7D36B6581BD4D03100D9B821 /* OperationQueue.swift */; };
		7D36B6831BD4D03100D9B821 /* ReachabilityCondition.swift in Sources */ = {isa = PBXBuildFile; fileRef = 7D36B6591BD4D03100D9B821 /* ReachabilityCondition.swift */; };
		7D36B6841BD4D03100D9B821 /* TimeoutObserver.swift in Sources */ = {isa = PBXBuildFile; fileRef = 7D36B65A1BD4D03100D9B821 /* TimeoutObserver.swift */; };
		7D36B6851BD4D03100D9B821 /* URLSessionTaskOperation.swift in Sources */ = {isa = PBXBuildFile; fileRef = 7D36B65B1BD4D03100D9B821 /* URLSessionTaskOperation.swift */; };
		7D36B6861BD4D03100D9B821 /* Owner.swift in Sources */ = {isa = PBXBuildFile; fileRef = 7D36B65C1BD4D03100D9B821 /* Owner.swift */; };
		7D36B6871BD4D03100D9B821 /* Site.swift in Sources */ = {isa = PBXBuildFile; fileRef = 7D36B65D1BD4D03100D9B821 /* Site.swift */; };
		7D36B6881BD4D03100D9B821 /* AbstractThing.swift in Sources */ = {isa = PBXBuildFile; fileRef = 7D36B65E1BD4D03100D9B821 /* AbstractThing.swift */; };
		7D36B6891BD4D03100D9B821 /* Trigger.swift in Sources */ = {isa = PBXBuildFile; fileRef = 7D36B65F1BD4D03100D9B821 /* Trigger.swift */; };
		7D36B68A1BD4D03100D9B821 /* TypedID.swift in Sources */ = {isa = PBXBuildFile; fileRef = 7D36B6601BD4D03100D9B821 /* TypedID.swift */; };
		7D36B68B1BD4D03100D9B821 /* Logger.swift in Sources */ = {isa = PBXBuildFile; fileRef = 7D36B6621BD4D03100D9B821 /* Logger.swift */; };
		7D36B6A01BD4D0CC00D9B821 /* copyWithTarget.swift in Sources */ = {isa = PBXBuildFile; fileRef = 7D36B68D1BD4D0CC00D9B821 /* copyWithTarget.swift */; };
		7D36B6A11BD4D0CC00D9B821 /* DeleteTriggerTests.swift in Sources */ = {isa = PBXBuildFile; fileRef = 7D36B68E1BD4D0CC00D9B821 /* DeleteTriggerTests.swift */; };
		7D36B6A21BD4D0CC00D9B821 /* EnableTriggerTests.swift in Sources */ = {isa = PBXBuildFile; fileRef = 7D36B68F1BD4D0CC00D9B821 /* EnableTriggerTests.swift */; };
		7D36B6A31BD4D0CC00D9B821 /* EntitySerializationTests.swift in Sources */ = {isa = PBXBuildFile; fileRef = 7D36B6901BD4D0CC00D9B821 /* EntitySerializationTests.swift */; };
		7D36B6A41BD4D0CC00D9B821 /* GetCommandTest.swift in Sources */ = {isa = PBXBuildFile; fileRef = 7D36B6911BD4D0CC00D9B821 /* GetCommandTest.swift */; };
		7D36B6A51BD4D0CC00D9B821 /* GetStateTests.swift in Sources */ = {isa = PBXBuildFile; fileRef = 7D36B6921BD4D0CC00D9B821 /* GetStateTests.swift */; };
		7D36B6A61BD4D0CC00D9B821 /* GetTriggerTests.swift in Sources */ = {isa = PBXBuildFile; fileRef = 7D36B6931BD4D0CC00D9B821 /* GetTriggerTests.swift */; };
		7D36B6A81BD4D0CC00D9B821 /* IoTCloudSDKTests.swift in Sources */ = {isa = PBXBuildFile; fileRef = 7D36B6951BD4D0CC00D9B821 /* IoTCloudSDKTests.swift */; };
		7D36B6A91BD4D0CC00D9B821 /* ListCommandsTests.swift in Sources */ = {isa = PBXBuildFile; fileRef = 7D36B6961BD4D0CC00D9B821 /* ListCommandsTests.swift */; };
		7D36B6AA1BD4D0CC00D9B821 /* ListTriggersTests.swift in Sources */ = {isa = PBXBuildFile; fileRef = 7D36B6971BD4D0CC00D9B821 /* ListTriggersTests.swift */; };
		7D36B6AB1BD4D0CC00D9B821 /* OnboardingTests.swift in Sources */ = {isa = PBXBuildFile; fileRef = 7D36B6981BD4D0CC00D9B821 /* OnboardingTests.swift */; };
		7D36B6AC1BD4D0CC00D9B821 /* PatchTriggerTests.swift in Sources */ = {isa = PBXBuildFile; fileRef = 7D36B6991BD4D0CC00D9B821 /* PatchTriggerTests.swift */; };
		7D36B6AD1BD4D0CC00D9B821 /* PostNewCommandTests.swift in Sources */ = {isa = PBXBuildFile; fileRef = 7D36B69A1BD4D0CC00D9B821 /* PostNewCommandTests.swift */; };
		7D36B6AE1BD4D0CC00D9B821 /* PostNewTriggerTests.swift in Sources */ = {isa = PBXBuildFile; fileRef = 7D36B69B1BD4D0CC00D9B821 /* PostNewTriggerTests.swift */; };
		7D36B6AF1BD4D0CC00D9B821 /* PushInstallationTests.swift in Sources */ = {isa = PBXBuildFile; fileRef = 7D36B69C1BD4D0CC00D9B821 /* PushInstallationTests.swift */; };
		7D36B6B01BD4D0CC00D9B821 /* PushUninstallationTests.swift in Sources */ = {isa = PBXBuildFile; fileRef = 7D36B69D1BD4D0CC00D9B821 /* PushUninstallationTests.swift */; };
		7D36B6B11BD4D0CC00D9B821 /* TestHelpers.swift in Sources */ = {isa = PBXBuildFile; fileRef = 7D36B69E1BD4D0CC00D9B821 /* TestHelpers.swift */; };
		7D36B6B21BD4D0CC00D9B821 /* XCTest+Utils.swift in Sources */ = {isa = PBXBuildFile; fileRef = 7D36B69F1BD4D0CC00D9B821 /* XCTest+Utils.swift */; };
		7D36B6BA1BD4D43700D9B821 /* ThingIFAPI.swift in Sources */ = {isa = PBXBuildFile; fileRef = 7D36B6B31BD4D43700D9B821 /* ThingIFAPI.swift */; };
		7D36B6BB1BD4D43700D9B821 /* ThingIFAPI+Command.swift in Sources */ = {isa = PBXBuildFile; fileRef = 7D36B6B41BD4D43700D9B821 /* ThingIFAPI+Command.swift */; };
		7D36B6BC1BD4D43700D9B821 /* ThingIFAPI+GetState.swift in Sources */ = {isa = PBXBuildFile; fileRef = 7D36B6B51BD4D43700D9B821 /* ThingIFAPI+GetState.swift */; };
		7D36B6BD1BD4D43700D9B821 /* ThingIFAPI+OnBoard.swift in Sources */ = {isa = PBXBuildFile; fileRef = 7D36B6B61BD4D43700D9B821 /* ThingIFAPI+OnBoard.swift */; };
		7D36B6BE1BD4D43700D9B821 /* ThingIFAPI+Push.swift in Sources */ = {isa = PBXBuildFile; fileRef = 7D36B6B71BD4D43700D9B821 /* ThingIFAPI+Push.swift */; };
		7D36B6BF1BD4D43700D9B821 /* ThingIFAPI+Trigger.swift in Sources */ = {isa = PBXBuildFile; fileRef = 7D36B6B81BD4D43700D9B821 /* ThingIFAPI+Trigger.swift */; };
		7D36B6C01BD4D43700D9B821 /* ThingIFAPIBuilder.swift in Sources */ = {isa = PBXBuildFile; fileRef = 7D36B6B91BD4D43700D9B821 /* ThingIFAPIBuilder.swift */; };
		7D36B6C21BD4D51D00D9B821 /* ThingIFSDK.h in Headers */ = {isa = PBXBuildFile; fileRef = 7D36B6C11BD4D51D00D9B821 /* ThingIFSDK.h */; settings = {ATTRIBUTES = (Public, ); }; };
		7D36B6C41BD4D9DD00D9B821 /* ThingIFError.swift in Sources */ = {isa = PBXBuildFile; fileRef = 7D36B6C31BD4D9DD00D9B821 /* ThingIFError.swift */; };
		A50A1C091C6B1C35001EB310 /* testapp.plist in Resources */ = {isa = PBXBuildFile; fileRef = 743800F91C2930C9005D8458 /* testapp.plist */; };
		A529D2A31C7444DE00C892D2 /* TriggeredServerCodeResultTest.swift in Sources */ = {isa = PBXBuildFile; fileRef = A529D2A21C7444DE00C892D2 /* TriggeredServerCodeResultTest.swift */; };
		A54C7C1D1C631B7300A38940 /* ListTriggeredServerCodeResultsTests.swift in Sources */ = {isa = PBXBuildFile; fileRef = A54C7C1C1C631B7300A38940 /* ListTriggeredServerCodeResultsTests.swift */; };
		A54EFC2E1C7D9EF500BCF4D2 /* SmallTestBase.swift in Sources */ = {isa = PBXBuildFile; fileRef = A54EFC2D1C7D9EF500BCF4D2 /* SmallTestBase.swift */; };
		A56B0A431C5B43B100E653EF /* TriggeredServerCodeResult.swift in Sources */ = {isa = PBXBuildFile; fileRef = A56B0A421C5B43B100E653EF /* TriggeredServerCodeResult.swift */; };
		A56B0A471C61EA7A00E653EF /* PostNewServerCodeTriggerTests.swift in Sources */ = {isa = PBXBuildFile; fileRef = A56B0A461C61EA7A00E653EF /* PostNewServerCodeTriggerTests.swift */; };
		A56B0A491C62143000E653EF /* PatchServerCodeTriggerTests.swift in Sources */ = {isa = PBXBuildFile; fileRef = A56B0A481C62143000E653EF /* PatchServerCodeTriggerTests.swift */; };
		B60BBBD21DA5024D004B4AFB /* PostNewTriggerWithTriggeredCommandFormTests.swift in Sources */ = {isa = PBXBuildFile; fileRef = B60BBBD11DA5024D004B4AFB /* PostNewTriggerWithTriggeredCommandFormTests.swift */; };
		B6323D291DA6271B0012D6A1 /* PatchTriggerWithTriggeredCommandFormTests.swift in Sources */ = {isa = PBXBuildFile; fileRef = B6323D281DA6271B0012D6A1 /* PatchTriggerWithTriggeredCommandFormTests.swift */; };
		B6323D2B1DA7572E0012D6A1 /* PostNewServerCodeTriggerWithTriggerOptionsTests.swift in Sources */ = {isa = PBXBuildFile; fileRef = B6323D2A1DA7572E0012D6A1 /* PostNewServerCodeTriggerWithTriggerOptionsTests.swift */; };
		B6323D2D1DA78BC70012D6A1 /* PatchServerCodeTriggerWIthTriggerOptionsTests.swift in Sources */ = {isa = PBXBuildFile; fileRef = B6323D2C1DA78BC70012D6A1 /* PatchServerCodeTriggerWIthTriggerOptionsTests.swift */; };
		B63FC8AE1CEEDBFF0042C747 /* ThingIFSDK.framework in Frameworks */ = {isa = PBXBuildFile; fileRef = 7DD44DE91BD4B7CD00AE0249 /* ThingIFSDK.framework */; };
		B63FC8B51CEEDCD50042C747 /* PostNewTriggerForSchedulePredicateTests.swift in Sources */ = {isa = PBXBuildFile; fileRef = B63FC8B41CEEDCD50042C747 /* PostNewTriggerForSchedulePredicateTests.swift */; };
		B6651A221CBBA6CE00221AAE /* PostNewCommandWithCommandFormTests.swift in Sources */ = {isa = PBXBuildFile; fileRef = B6651A211CBBA6CE00221AAE /* PostNewCommandWithCommandFormTests.swift */; };
		B66EA4521DA4B61000B6AB75 /* TriggeredCommandFormTests.swift in Sources */ = {isa = PBXBuildFile; fileRef = B66EA4511DA4B61000B6AB75 /* TriggeredCommandFormTests.swift */; };
		B66EA4541DA4BC1400B6AB75 /* TriggerOptionsTests.swift in Sources */ = {isa = PBXBuildFile; fileRef = B66EA4531DA4BC1400B6AB75 /* TriggerOptionsTests.swift */; };
		B673C0051CF81CEC00AEF519 /* TestSetting.plist in Resources */ = {isa = PBXBuildFile; fileRef = B673C0041CF81CEC00AEF519 /* TestSetting.plist */; };
		B67938251CE4448A000B9322 /* PostNewTriggerForScheduleTests.swift in Sources */ = {isa = PBXBuildFile; fileRef = B67938241CE4448A000B9322 /* PostNewTriggerForScheduleTests.swift */; };
		B68227F41C85823A00AB85D0 /* CommandSerializationTest.swift in Sources */ = {isa = PBXBuildFile; fileRef = B68227F31C85823A00AB85D0 /* CommandSerializationTest.swift */; };
		B683A31B1CBB807A00742570 /* CommandFormTests.swift in Sources */ = {isa = PBXBuildFile; fileRef = B683A31A1CBB807A00742570 /* CommandFormTests.swift */; };
		B68D7BE11CF8242900D69149 /* LargeTestBase.swift in Sources */ = {isa = PBXBuildFile; fileRef = B68D7BE01CF8242900D69149 /* LargeTestBase.swift */; };
		B699E9D11CFC3E8100EBBC39 /* TypedIDTests.swift in Sources */ = {isa = PBXBuildFile; fileRef = B699E9D01CFC3E8100EBBC39 /* TypedIDTests.swift */; };
		B6AC4A1A1D991CE1001A80DE /* TriggeredCommandForm.swift in Sources */ = {isa = PBXBuildFile; fileRef = B6AC4A191D991CE1001A80DE /* TriggeredCommandForm.swift */; };
		B6AC4A1C1D991DF2001A80DE /* TriggerOptions.swift in Sources */ = {isa = PBXBuildFile; fileRef = B6AC4A1B1D991DF2001A80DE /* TriggerOptions.swift */; };
		B6F9F2BD1CB22A4C009A990F /* CommandForm.swift in Sources */ = {isa = PBXBuildFile; fileRef = B6F9F2BC1CB22A4C009A990F /* CommandForm.swift */; };
		D5521C741CCDFDA200037C9F /* Predicate.swift in Sources */ = {isa = PBXBuildFile; fileRef = D5521C731CCDFDA200037C9F /* Predicate.swift */; };
		D5521C761CCDFE7600037C9F /* ServerCode.swift in Sources */ = {isa = PBXBuildFile; fileRef = D5521C751CCDFE7600037C9F /* ServerCode.swift */; };
		D55D26291D3DFD8F00745A17 /* IoTRequestTests.swift in Sources */ = {isa = PBXBuildFile; fileRef = D55D26281D3DFD8F00745A17 /* IoTRequestTests.swift */; };
		D5636AFB1CE1E9E000760564 /* ScheduleOncePredicate.swift in Sources */ = {isa = PBXBuildFile; fileRef = D5636AFA1CE1E9E000760564 /* ScheduleOncePredicate.swift */; };
		D5636AFD1CE1EAFC00760564 /* StatePredicate.swift in Sources */ = {isa = PBXBuildFile; fileRef = D5636AFC1CE1EAFC00760564 /* StatePredicate.swift */; };
		D5636AFF1CE1EB4200760564 /* SchedulePredicate.swift in Sources */ = {isa = PBXBuildFile; fileRef = D5636AFE1CE1EB4200760564 /* SchedulePredicate.swift */; };
/* End PBXBuildFile section */

/* Begin PBXContainerItemProxy section */
		7D36B6341BD4BE6600D9B821 /* PBXContainerItemProxy */ = {
			isa = PBXContainerItemProxy;
			containerPortal = 7417A2FA1B65CF8400D116A5 /* Project object */;
			proxyType = 1;
			remoteGlobalIDString = 7DD44DB91BD4B7CD00AE0249;
			remoteInfo = ThingIFSDK;
		};
		B63FC8AF1CEEDBFF0042C747 /* PBXContainerItemProxy */ = {
			isa = PBXContainerItemProxy;
			containerPortal = 7417A2FA1B65CF8400D116A5 /* Project object */;
			proxyType = 1;
			remoteGlobalIDString = 7DD44DB91BD4B7CD00AE0249;
			remoteInfo = ThingIFSDK;
		};
/* End PBXContainerItemProxy section */

/* Begin PBXFileReference section */
		220FEACD1D3F7E450019A77E /* DataGroupingInterval.swift */ = {isa = PBXFileReference; fileEncoding = 4; lastKnownFileType = sourcecode.swift; path = DataGroupingInterval.swift; sourceTree = "<group>"; };
		224051F71D40D2360001BF4E /* LayoutPosition.swift */ = {isa = PBXFileReference; fileEncoding = 4; lastKnownFileType = sourcecode.swift; path = LayoutPosition.swift; sourceTree = "<group>"; };
		224051F91D40D5C90001BF4E /* OnboardWithThingIDOptions.swift */ = {isa = PBXFileReference; fileEncoding = 4; lastKnownFileType = sourcecode.swift; path = OnboardWithThingIDOptions.swift; sourceTree = "<group>"; };
		224051FB1D40DB4F0001BF4E /* OnboardWithVendorThingIDOptions.swift */ = {isa = PBXFileReference; fileEncoding = 4; lastKnownFileType = sourcecode.swift; path = OnboardWithVendorThingIDOptions.swift; sourceTree = "<group>"; };
		224277091CEAE803004369EE /* OnboardGatewayTests.swift */ = {isa = PBXFileReference; fileEncoding = 4; lastKnownFileType = sourcecode.swift; path = OnboardGatewayTests.swift; sourceTree = "<group>"; };
		2242770B1CEB17BD004369EE /* GatewayAPINSCodingTests.swift */ = {isa = PBXFileReference; fileEncoding = 4; lastKnownFileType = sourcecode.swift; path = GatewayAPINSCodingTests.swift; sourceTree = "<group>"; };
		2242770D1CEB1AA2004369EE /* ReplaceEndNodeTests.swift */ = {isa = PBXFileReference; fileEncoding = 4; lastKnownFileType = sourcecode.swift; path = ReplaceEndNodeTests.swift; sourceTree = "<group>"; };
		2242770F1CEB2BB9004369EE /* GatewayAPIRestoreTests.swift */ = {isa = PBXFileReference; fileEncoding = 4; lastKnownFileType = sourcecode.swift; path = GatewayAPIRestoreTests.swift; sourceTree = "<group>"; };
		224FA09A1D59A5460011327C /* OnboardAPITests.swift */ = {isa = PBXFileReference; fileEncoding = 4; lastKnownFileType = sourcecode.swift; path = OnboardAPITests.swift; sourceTree = "<group>"; };
		22537F871CE44E42006C214D /* OnboardEndnodeWithGatewayTests.swift */ = {isa = PBXFileReference; fileEncoding = 4; lastKnownFileType = sourcecode.swift; path = OnboardEndnodeWithGatewayTests.swift; sourceTree = "<group>"; };
		22537F891CE44E8C006C214D /* UpdateVendorThingIDTests.swift */ = {isa = PBXFileReference; fileEncoding = 4; lastKnownFileType = sourcecode.swift; path = UpdateVendorThingIDTests.swift; sourceTree = "<group>"; };
		22537F8B1CE44EC2006C214D /* GetVendorThingIDTests.swift */ = {isa = PBXFileReference; fileEncoding = 4; lastKnownFileType = sourcecode.swift; path = GetVendorThingIDTests.swift; sourceTree = "<group>"; };
		2254F2141CE9929E00703185 /* GetGatewayInformationTests.swift */ = {isa = PBXFileReference; fileEncoding = 4; lastKnownFileType = sourcecode.swift; path = GetGatewayInformationTests.swift; sourceTree = "<group>"; };
		2254F2161CE99C5C00703185 /* ListPendingEndNodesTests.swift */ = {isa = PBXFileReference; fileEncoding = 4; lastKnownFileType = sourcecode.swift; path = ListPendingEndNodesTests.swift; sourceTree = "<group>"; };
		2254F2181CE9C8E900703185 /* GatewayAPILoginTests.swift */ = {isa = PBXFileReference; fileEncoding = 4; lastKnownFileType = sourcecode.swift; path = GatewayAPILoginTests.swift; sourceTree = "<group>"; };
		2254F21A1CE9DFE000703185 /* NotifyOnboardingCompletionTests.swift */ = {isa = PBXFileReference; fileEncoding = 4; lastKnownFileType = sourcecode.swift; path = NotifyOnboardingCompletionTests.swift; sourceTree = "<group>"; };
		2255434C1CEC34A900C73418 /* GatewayAPIStoredInstanceTests.swift */ = {isa = PBXFileReference; fileEncoding = 4; lastKnownFileType = sourcecode.swift; path = GatewayAPIStoredInstanceTests.swift; sourceTree = "<group>"; };
		225A591B1C8ED0EE0042B007 /* ConditionNSCodingTests.swift */ = {isa = PBXFileReference; fileEncoding = 4; lastKnownFileType = sourcecode.swift; path = ConditionNSCodingTests.swift; sourceTree = "<group>"; };
		225A591D1C8ED8440042B007 /* ClauseNSCodingTests.swift */ = {isa = PBXFileReference; fileEncoding = 4; lastKnownFileType = sourcecode.swift; path = ClauseNSCodingTests.swift; sourceTree = "<group>"; };
		225E43371CC5FF55003A3C4B /* GatewayInformation.swift */ = {isa = PBXFileReference; fileEncoding = 4; lastKnownFileType = sourcecode.swift; path = GatewayInformation.swift; sourceTree = "<group>"; };
		225E43391CC606E6003A3C4B /* GatewayAPIBuilder.swift */ = {isa = PBXFileReference; fileEncoding = 4; lastKnownFileType = sourcecode.swift; path = GatewayAPIBuilder.swift; sourceTree = "<group>"; };
		2264021B1CD1DD8000E30967 /* StandaloneThing.swift */ = {isa = PBXFileReference; fileEncoding = 4; lastKnownFileType = sourcecode.swift; path = StandaloneThing.swift; sourceTree = "<group>"; };
		2264021D1CD1E67B00E30967 /* EndNode.swift */ = {isa = PBXFileReference; fileEncoding = 4; lastKnownFileType = sourcecode.swift; path = EndNode.swift; sourceTree = "<group>"; };
		2264021F1CD1E96300E30967 /* Gateway.swift */ = {isa = PBXFileReference; fileEncoding = 4; lastKnownFileType = sourcecode.swift; path = Gateway.swift; sourceTree = "<group>"; };
		2268EBA81CF2DA2E007F54E6 /* ListOnboardedEndNodesTests.swift */ = {isa = PBXFileReference; fileEncoding = 4; lastKnownFileType = sourcecode.swift; path = ListOnboardedEndNodesTests.swift; sourceTree = "<group>"; };
		226C79861D4F19B700E8C440 /* OnboardTests.swift */ = {isa = PBXFileReference; fileEncoding = 4; lastKnownFileType = sourcecode.swift; path = OnboardTests.swift; sourceTree = "<group>"; };
		226CD83D1CE5A3490049252A /* GetGatewayIDTests.swift */ = {isa = PBXFileReference; fileEncoding = 4; lastKnownFileType = sourcecode.swift; path = GetGatewayIDTests.swift; sourceTree = "<group>"; };
		226CD83F1CE5A7480049252A /* GatewayAPITestBase.swift */ = {isa = PBXFileReference; fileEncoding = 4; lastKnownFileType = sourcecode.swift; path = GatewayAPITestBase.swift; sourceTree = "<group>"; };
		226EA0CC1CD0CCFD002C1821 /* PendingEndNode.swift */ = {isa = PBXFileReference; fileEncoding = 4; lastKnownFileType = sourcecode.swift; path = PendingEndNode.swift; sourceTree = "<group>"; };
		226EA0CE1CD0D1A9002C1821 /* Target.swift */ = {isa = PBXFileReference; fileEncoding = 4; lastKnownFileType = sourcecode.swift; path = Target.swift; sourceTree = "<group>"; };
		226EA0D31CD0D883002C1821 /* TargetThing.swift */ = {isa = PBXFileReference; fileEncoding = 4; lastKnownFileType = sourcecode.swift; path = TargetThing.swift; sourceTree = "<group>"; };
		229039D91D473FFB00B9D0B7 /* OnboardEndnodeWithGatewayOptions.swift */ = {isa = PBXFileReference; fileEncoding = 4; lastKnownFileType = sourcecode.swift; path = OnboardEndnodeWithGatewayOptions.swift; sourceTree = "<group>"; };
		22ADEC061C89899B00F487D9 /* PredicateNSCodingTests.swift */ = {isa = PBXFileReference; fileEncoding = 4; lastKnownFileType = sourcecode.swift; path = PredicateNSCodingTests.swift; sourceTree = "<group>"; };
		22E486331CC4E1C000269A1E /* GatewayAPI.swift */ = {isa = PBXFileReference; fileEncoding = 4; lastKnownFileType = sourcecode.swift; path = GatewayAPI.swift; sourceTree = "<group>"; };
		22F2E77F1C8D60BD0011F85C /* TriggerNSCodingTests.swift */ = {isa = PBXFileReference; fileEncoding = 4; lastKnownFileType = sourcecode.swift; path = TriggerNSCodingTests.swift; sourceTree = "<group>"; };
		7419C2B71C27D10100F964FB /* App.swift */ = {isa = PBXFileReference; fileEncoding = 4; lastKnownFileType = sourcecode.swift; path = App.swift; sourceTree = "<group>"; };
		743800F71C29303A005D8458 /* TestSetting.swift */ = {isa = PBXFileReference; fileEncoding = 4; lastKnownFileType = sourcecode.swift; path = TestSetting.swift; sourceTree = "<group>"; };
		743800F91C2930C9005D8458 /* testapp.plist */ = {isa = PBXFileReference; fileEncoding = 4; lastKnownFileType = text.plist.xml; path = testapp.plist; sourceTree = "<group>"; };
		747196CE1D016EEC006B0937 /* Condition.swift */ = {isa = PBXFileReference; lastKnownFileType = sourcecode.swift; path = Condition.swift; sourceTree = "<group>"; };
		747EB4B91C858BFC00E30C31 /* SDKVersion.swift */ = {isa = PBXFileReference; fileEncoding = 4; lastKnownFileType = sourcecode.swift; path = SDKVersion.swift; sourceTree = "<group>"; };
		7D36B6371BD4D03100D9B821 /* Clause.swift */ = {isa = PBXFileReference; fileEncoding = 4; lastKnownFileType = sourcecode.swift; path = Clause.swift; sourceTree = "<group>"; };
		7D36B6381BD4D03100D9B821 /* Command.swift */ = {isa = PBXFileReference; fileEncoding = 4; lastKnownFileType = sourcecode.swift; path = Command.swift; sourceTree = "<group>"; };
		7D36B6441BD4D03100D9B821 /* IoTRequestOperation.swift */ = {isa = PBXFileReference; fileEncoding = 4; lastKnownFileType = sourcecode.swift; path = IoTRequestOperation.swift; sourceTree = "<group>"; };
		7D36B6451BD4D03100D9B821 /* NetworkObserver.swift */ = {isa = PBXFileReference; fileEncoding = 4; lastKnownFileType = sourcecode.swift; path = NetworkObserver.swift; sourceTree = "<group>"; };
		7D36B6461BD4D03100D9B821 /* NSNumber+checkTypes.swift */ = {isa = PBXFileReference; fileEncoding = 4; lastKnownFileType = sourcecode.swift; path = "NSNumber+checkTypes.swift"; sourceTree = "<group>"; };
		7D36B6481BD4D03100D9B821 /* BlockObserver.swift */ = {isa = PBXFileReference; fileEncoding = 4; lastKnownFileType = sourcecode.swift; path = BlockObserver.swift; sourceTree = "<group>"; };
		7D36B6491BD4D03100D9B821 /* BlockOperation.swift */ = {isa = PBXFileReference; fileEncoding = 4; lastKnownFileType = sourcecode.swift; path = BlockOperation.swift; sourceTree = "<group>"; };
		7D36B64A1BD4D03100D9B821 /* DelayOperation.swift */ = {isa = PBXFileReference; fileEncoding = 4; lastKnownFileType = sourcecode.swift; path = DelayOperation.swift; sourceTree = "<group>"; };
		7D36B64B1BD4D03100D9B821 /* Dictionary+Operations.swift */ = {isa = PBXFileReference; fileEncoding = 4; lastKnownFileType = sourcecode.swift; path = "Dictionary+Operations.swift"; sourceTree = "<group>"; };
		7D36B64C1BD4D03100D9B821 /* ExclusivityController.swift */ = {isa = PBXFileReference; fileEncoding = 4; lastKnownFileType = sourcecode.swift; path = ExclusivityController.swift; sourceTree = "<group>"; };
		7D36B64D1BD4D03100D9B821 /* GroupOperation.swift */ = {isa = PBXFileReference; fileEncoding = 4; lastKnownFileType = sourcecode.swift; path = GroupOperation.swift; sourceTree = "<group>"; };
		7D36B64E1BD4D03100D9B821 /* MutuallyExclusive.swift */ = {isa = PBXFileReference; fileEncoding = 4; lastKnownFileType = sourcecode.swift; path = MutuallyExclusive.swift; sourceTree = "<group>"; };
		7D36B64F1BD4D03100D9B821 /* NegatedCondition.swift */ = {isa = PBXFileReference; fileEncoding = 4; lastKnownFileType = sourcecode.swift; path = NegatedCondition.swift; sourceTree = "<group>"; };
		7D36B6501BD4D03100D9B821 /* NoCancelledDependencies.swift */ = {isa = PBXFileReference; fileEncoding = 4; lastKnownFileType = sourcecode.swift; path = NoCancelledDependencies.swift; sourceTree = "<group>"; };
		7D36B6511BD4D03100D9B821 /* NSData+Operations.swift */ = {isa = PBXFileReference; fileEncoding = 4; lastKnownFileType = sourcecode.swift; path = "NSData+Operations.swift"; sourceTree = "<group>"; };
		7D36B6521BD4D03100D9B821 /* NSLock+Operations.swift */ = {isa = PBXFileReference; fileEncoding = 4; lastKnownFileType = sourcecode.swift; path = "NSLock+Operations.swift"; sourceTree = "<group>"; };
		7D36B6531BD4D03100D9B821 /* NSOperation+Operations.swift */ = {isa = PBXFileReference; fileEncoding = 4; lastKnownFileType = sourcecode.swift; path = "NSOperation+Operations.swift"; sourceTree = "<group>"; };
		7D36B6541BD4D03100D9B821 /* Operation.swift */ = {isa = PBXFileReference; fileEncoding = 4; lastKnownFileType = sourcecode.swift; path = Operation.swift; sourceTree = "<group>"; };
		7D36B6551BD4D03100D9B821 /* OperationCondition.swift */ = {isa = PBXFileReference; fileEncoding = 4; lastKnownFileType = sourcecode.swift; path = OperationCondition.swift; sourceTree = "<group>"; };
		7D36B6561BD4D03100D9B821 /* OperationErrors.swift */ = {isa = PBXFileReference; fileEncoding = 4; lastKnownFileType = sourcecode.swift; path = OperationErrors.swift; sourceTree = "<group>"; };
		7D36B6571BD4D03100D9B821 /* OperationObserver.swift */ = {isa = PBXFileReference; fileEncoding = 4; lastKnownFileType = sourcecode.swift; path = OperationObserver.swift; sourceTree = "<group>"; };
		7D36B6581BD4D03100D9B821 /* OperationQueue.swift */ = {isa = PBXFileReference; fileEncoding = 4; lastKnownFileType = sourcecode.swift; path = OperationQueue.swift; sourceTree = "<group>"; };
		7D36B6591BD4D03100D9B821 /* ReachabilityCondition.swift */ = {isa = PBXFileReference; fileEncoding = 4; lastKnownFileType = sourcecode.swift; path = ReachabilityCondition.swift; sourceTree = "<group>"; };
		7D36B65A1BD4D03100D9B821 /* TimeoutObserver.swift */ = {isa = PBXFileReference; fileEncoding = 4; lastKnownFileType = sourcecode.swift; path = TimeoutObserver.swift; sourceTree = "<group>"; };
		7D36B65B1BD4D03100D9B821 /* URLSessionTaskOperation.swift */ = {isa = PBXFileReference; fileEncoding = 4; lastKnownFileType = sourcecode.swift; path = URLSessionTaskOperation.swift; sourceTree = "<group>"; };
		7D36B65C1BD4D03100D9B821 /* Owner.swift */ = {isa = PBXFileReference; fileEncoding = 4; lastKnownFileType = sourcecode.swift; path = Owner.swift; sourceTree = "<group>"; };
		7D36B65D1BD4D03100D9B821 /* Site.swift */ = {isa = PBXFileReference; fileEncoding = 4; lastKnownFileType = sourcecode.swift; path = Site.swift; sourceTree = "<group>"; };
		7D36B65E1BD4D03100D9B821 /* AbstractThing.swift */ = {isa = PBXFileReference; fileEncoding = 4; lastKnownFileType = sourcecode.swift; path = AbstractThing.swift; sourceTree = "<group>"; };
		7D36B65F1BD4D03100D9B821 /* Trigger.swift */ = {isa = PBXFileReference; fileEncoding = 4; lastKnownFileType = sourcecode.swift; path = Trigger.swift; sourceTree = "<group>"; };
		7D36B6601BD4D03100D9B821 /* TypedID.swift */ = {isa = PBXFileReference; fileEncoding = 4; lastKnownFileType = sourcecode.swift; path = TypedID.swift; sourceTree = "<group>"; };
		7D36B6621BD4D03100D9B821 /* Logger.swift */ = {isa = PBXFileReference; fileEncoding = 4; lastKnownFileType = sourcecode.swift; path = Logger.swift; sourceTree = "<group>"; };
		7D36B68D1BD4D0CC00D9B821 /* copyWithTarget.swift */ = {isa = PBXFileReference; fileEncoding = 4; lastKnownFileType = sourcecode.swift; path = copyWithTarget.swift; sourceTree = "<group>"; };
		7D36B68E1BD4D0CC00D9B821 /* DeleteTriggerTests.swift */ = {isa = PBXFileReference; fileEncoding = 4; lastKnownFileType = sourcecode.swift; path = DeleteTriggerTests.swift; sourceTree = "<group>"; };
		7D36B68F1BD4D0CC00D9B821 /* EnableTriggerTests.swift */ = {isa = PBXFileReference; fileEncoding = 4; lastKnownFileType = sourcecode.swift; path = EnableTriggerTests.swift; sourceTree = "<group>"; };
		7D36B6901BD4D0CC00D9B821 /* EntitySerializationTests.swift */ = {isa = PBXFileReference; fileEncoding = 4; lastKnownFileType = sourcecode.swift; path = EntitySerializationTests.swift; sourceTree = "<group>"; };
		7D36B6911BD4D0CC00D9B821 /* GetCommandTest.swift */ = {isa = PBXFileReference; fileEncoding = 4; lastKnownFileType = sourcecode.swift; path = GetCommandTest.swift; sourceTree = "<group>"; };
		7D36B6921BD4D0CC00D9B821 /* GetStateTests.swift */ = {isa = PBXFileReference; fileEncoding = 4; lastKnownFileType = sourcecode.swift; path = GetStateTests.swift; sourceTree = "<group>"; };
		7D36B6931BD4D0CC00D9B821 /* GetTriggerTests.swift */ = {isa = PBXFileReference; fileEncoding = 4; lastKnownFileType = sourcecode.swift; path = GetTriggerTests.swift; sourceTree = "<group>"; };
		7D36B6951BD4D0CC00D9B821 /* IoTCloudSDKTests.swift */ = {isa = PBXFileReference; fileEncoding = 4; lastKnownFileType = sourcecode.swift; path = IoTCloudSDKTests.swift; sourceTree = "<group>"; };
		7D36B6961BD4D0CC00D9B821 /* ListCommandsTests.swift */ = {isa = PBXFileReference; fileEncoding = 4; lastKnownFileType = sourcecode.swift; path = ListCommandsTests.swift; sourceTree = "<group>"; };
		7D36B6971BD4D0CC00D9B821 /* ListTriggersTests.swift */ = {isa = PBXFileReference; fileEncoding = 4; lastKnownFileType = sourcecode.swift; path = ListTriggersTests.swift; sourceTree = "<group>"; };
		7D36B6981BD4D0CC00D9B821 /* OnboardingTests.swift */ = {isa = PBXFileReference; fileEncoding = 4; lastKnownFileType = sourcecode.swift; path = OnboardingTests.swift; sourceTree = "<group>"; };
		7D36B6991BD4D0CC00D9B821 /* PatchTriggerTests.swift */ = {isa = PBXFileReference; fileEncoding = 4; lastKnownFileType = sourcecode.swift; path = PatchTriggerTests.swift; sourceTree = "<group>"; };
		7D36B69A1BD4D0CC00D9B821 /* PostNewCommandTests.swift */ = {isa = PBXFileReference; fileEncoding = 4; lastKnownFileType = sourcecode.swift; path = PostNewCommandTests.swift; sourceTree = "<group>"; };
		7D36B69B1BD4D0CC00D9B821 /* PostNewTriggerTests.swift */ = {isa = PBXFileReference; fileEncoding = 4; lastKnownFileType = sourcecode.swift; path = PostNewTriggerTests.swift; sourceTree = "<group>"; };
		7D36B69C1BD4D0CC00D9B821 /* PushInstallationTests.swift */ = {isa = PBXFileReference; fileEncoding = 4; lastKnownFileType = sourcecode.swift; path = PushInstallationTests.swift; sourceTree = "<group>"; };
		7D36B69D1BD4D0CC00D9B821 /* PushUninstallationTests.swift */ = {isa = PBXFileReference; fileEncoding = 4; lastKnownFileType = sourcecode.swift; path = PushUninstallationTests.swift; sourceTree = "<group>"; };
		7D36B69E1BD4D0CC00D9B821 /* TestHelpers.swift */ = {isa = PBXFileReference; fileEncoding = 4; lastKnownFileType = sourcecode.swift; path = TestHelpers.swift; sourceTree = "<group>"; };
		7D36B69F1BD4D0CC00D9B821 /* XCTest+Utils.swift */ = {isa = PBXFileReference; fileEncoding = 4; lastKnownFileType = sourcecode.swift; path = "XCTest+Utils.swift"; sourceTree = "<group>"; };
		7D36B6B31BD4D43700D9B821 /* ThingIFAPI.swift */ = {isa = PBXFileReference; fileEncoding = 4; lastKnownFileType = sourcecode.swift; path = ThingIFAPI.swift; sourceTree = "<group>"; };
		7D36B6B41BD4D43700D9B821 /* ThingIFAPI+Command.swift */ = {isa = PBXFileReference; fileEncoding = 4; lastKnownFileType = sourcecode.swift; path = "ThingIFAPI+Command.swift"; sourceTree = "<group>"; };
		7D36B6B51BD4D43700D9B821 /* ThingIFAPI+GetState.swift */ = {isa = PBXFileReference; fileEncoding = 4; lastKnownFileType = sourcecode.swift; path = "ThingIFAPI+GetState.swift"; sourceTree = "<group>"; };
		7D36B6B61BD4D43700D9B821 /* ThingIFAPI+OnBoard.swift */ = {isa = PBXFileReference; fileEncoding = 4; lastKnownFileType = sourcecode.swift; path = "ThingIFAPI+OnBoard.swift"; sourceTree = "<group>"; };
		7D36B6B71BD4D43700D9B821 /* ThingIFAPI+Push.swift */ = {isa = PBXFileReference; fileEncoding = 4; lastKnownFileType = sourcecode.swift; path = "ThingIFAPI+Push.swift"; sourceTree = "<group>"; };
		7D36B6B81BD4D43700D9B821 /* ThingIFAPI+Trigger.swift */ = {isa = PBXFileReference; fileEncoding = 4; lastKnownFileType = sourcecode.swift; path = "ThingIFAPI+Trigger.swift"; sourceTree = "<group>"; };
		7D36B6B91BD4D43700D9B821 /* ThingIFAPIBuilder.swift */ = {isa = PBXFileReference; fileEncoding = 4; lastKnownFileType = sourcecode.swift; path = ThingIFAPIBuilder.swift; sourceTree = "<group>"; };
		7D36B6C11BD4D51D00D9B821 /* ThingIFSDK.h */ = {isa = PBXFileReference; fileEncoding = 4; lastKnownFileType = sourcecode.c.h; path = ThingIFSDK.h; sourceTree = "<group>"; };
		7D36B6C31BD4D9DD00D9B821 /* ThingIFError.swift */ = {isa = PBXFileReference; fileEncoding = 4; lastKnownFileType = sourcecode.swift; path = ThingIFError.swift; sourceTree = "<group>"; };
		7DD44DE91BD4B7CD00AE0249 /* ThingIFSDK.framework */ = {isa = PBXFileReference; explicitFileType = wrapper.framework; includeInIndex = 0; path = ThingIFSDK.framework; sourceTree = BUILT_PRODUCTS_DIR; };
		7DD44E041BD4B88A00AE0249 /* ThingIFSDKTests.xctest */ = {isa = PBXFileReference; explicitFileType = wrapper.cfbundle; includeInIndex = 0; path = ThingIFSDKTests.xctest; sourceTree = BUILT_PRODUCTS_DIR; };
		A529D2A21C7444DE00C892D2 /* TriggeredServerCodeResultTest.swift */ = {isa = PBXFileReference; fileEncoding = 4; lastKnownFileType = sourcecode.swift; path = TriggeredServerCodeResultTest.swift; sourceTree = "<group>"; };
		A54C7C1C1C631B7300A38940 /* ListTriggeredServerCodeResultsTests.swift */ = {isa = PBXFileReference; fileEncoding = 4; lastKnownFileType = sourcecode.swift; path = ListTriggeredServerCodeResultsTests.swift; sourceTree = "<group>"; };
		A54EFC2D1C7D9EF500BCF4D2 /* SmallTestBase.swift */ = {isa = PBXFileReference; fileEncoding = 4; lastKnownFileType = sourcecode.swift; path = SmallTestBase.swift; sourceTree = "<group>"; };
		A56B0A421C5B43B100E653EF /* TriggeredServerCodeResult.swift */ = {isa = PBXFileReference; fileEncoding = 4; lastKnownFileType = sourcecode.swift; path = TriggeredServerCodeResult.swift; sourceTree = "<group>"; };
		A56B0A461C61EA7A00E653EF /* PostNewServerCodeTriggerTests.swift */ = {isa = PBXFileReference; fileEncoding = 4; lastKnownFileType = sourcecode.swift; path = PostNewServerCodeTriggerTests.swift; sourceTree = "<group>"; };
		A56B0A481C62143000E653EF /* PatchServerCodeTriggerTests.swift */ = {isa = PBXFileReference; fileEncoding = 4; lastKnownFileType = sourcecode.swift; path = PatchServerCodeTriggerTests.swift; sourceTree = "<group>"; };
		B60BBBD11DA5024D004B4AFB /* PostNewTriggerWithTriggeredCommandFormTests.swift */ = {isa = PBXFileReference; fileEncoding = 4; lastKnownFileType = sourcecode.swift; path = PostNewTriggerWithTriggeredCommandFormTests.swift; sourceTree = "<group>"; };
		B6323D281DA6271B0012D6A1 /* PatchTriggerWithTriggeredCommandFormTests.swift */ = {isa = PBXFileReference; fileEncoding = 4; lastKnownFileType = sourcecode.swift; path = PatchTriggerWithTriggeredCommandFormTests.swift; sourceTree = "<group>"; };
		B6323D2A1DA7572E0012D6A1 /* PostNewServerCodeTriggerWithTriggerOptionsTests.swift */ = {isa = PBXFileReference; fileEncoding = 4; lastKnownFileType = sourcecode.swift; path = PostNewServerCodeTriggerWithTriggerOptionsTests.swift; sourceTree = "<group>"; };
		B6323D2C1DA78BC70012D6A1 /* PatchServerCodeTriggerWIthTriggerOptionsTests.swift */ = {isa = PBXFileReference; fileEncoding = 4; lastKnownFileType = sourcecode.swift; path = PatchServerCodeTriggerWIthTriggerOptionsTests.swift; sourceTree = "<group>"; };
		B63FC8A91CEEDBFF0042C747 /* ThingIFSDKLargeTests.xctest */ = {isa = PBXFileReference; explicitFileType = wrapper.cfbundle; includeInIndex = 0; path = ThingIFSDKLargeTests.xctest; sourceTree = BUILT_PRODUCTS_DIR; };
		B63FC8AD1CEEDBFF0042C747 /* Info.plist */ = {isa = PBXFileReference; lastKnownFileType = text.plist.xml; path = Info.plist; sourceTree = "<group>"; };
		B63FC8B41CEEDCD50042C747 /* PostNewTriggerForSchedulePredicateTests.swift */ = {isa = PBXFileReference; fileEncoding = 4; lastKnownFileType = sourcecode.swift; path = PostNewTriggerForSchedulePredicateTests.swift; sourceTree = "<group>"; };
		B6651A211CBBA6CE00221AAE /* PostNewCommandWithCommandFormTests.swift */ = {isa = PBXFileReference; fileEncoding = 4; lastKnownFileType = sourcecode.swift; path = PostNewCommandWithCommandFormTests.swift; sourceTree = "<group>"; };
		B66EA4511DA4B61000B6AB75 /* TriggeredCommandFormTests.swift */ = {isa = PBXFileReference; fileEncoding = 4; lastKnownFileType = sourcecode.swift; path = TriggeredCommandFormTests.swift; sourceTree = "<group>"; };
		B66EA4531DA4BC1400B6AB75 /* TriggerOptionsTests.swift */ = {isa = PBXFileReference; fileEncoding = 4; lastKnownFileType = sourcecode.swift; path = TriggerOptionsTests.swift; sourceTree = "<group>"; };
		B673C0041CF81CEC00AEF519 /* TestSetting.plist */ = {isa = PBXFileReference; fileEncoding = 4; lastKnownFileType = text.plist.xml; path = TestSetting.plist; sourceTree = "<group>"; };
		B67938241CE4448A000B9322 /* PostNewTriggerForScheduleTests.swift */ = {isa = PBXFileReference; fileEncoding = 4; lastKnownFileType = sourcecode.swift; path = PostNewTriggerForScheduleTests.swift; sourceTree = "<group>"; };
		B68227F31C85823A00AB85D0 /* CommandSerializationTest.swift */ = {isa = PBXFileReference; fileEncoding = 4; lastKnownFileType = sourcecode.swift; path = CommandSerializationTest.swift; sourceTree = "<group>"; };
		B683A31A1CBB807A00742570 /* CommandFormTests.swift */ = {isa = PBXFileReference; fileEncoding = 4; lastKnownFileType = sourcecode.swift; path = CommandFormTests.swift; sourceTree = "<group>"; };
		B68D7BE01CF8242900D69149 /* LargeTestBase.swift */ = {isa = PBXFileReference; fileEncoding = 4; lastKnownFileType = sourcecode.swift; path = LargeTestBase.swift; sourceTree = "<group>"; };
		B699E9D01CFC3E8100EBBC39 /* TypedIDTests.swift */ = {isa = PBXFileReference; fileEncoding = 4; lastKnownFileType = sourcecode.swift; path = TypedIDTests.swift; sourceTree = "<group>"; };
		B6AC4A191D991CE1001A80DE /* TriggeredCommandForm.swift */ = {isa = PBXFileReference; fileEncoding = 4; lastKnownFileType = sourcecode.swift; path = TriggeredCommandForm.swift; sourceTree = "<group>"; };
		B6AC4A1B1D991DF2001A80DE /* TriggerOptions.swift */ = {isa = PBXFileReference; fileEncoding = 4; lastKnownFileType = sourcecode.swift; path = TriggerOptions.swift; sourceTree = "<group>"; };
		B6F9F2BC1CB22A4C009A990F /* CommandForm.swift */ = {isa = PBXFileReference; fileEncoding = 4; lastKnownFileType = sourcecode.swift; path = CommandForm.swift; sourceTree = "<group>"; };
		D5521C731CCDFDA200037C9F /* Predicate.swift */ = {isa = PBXFileReference; fileEncoding = 4; lastKnownFileType = sourcecode.swift; path = Predicate.swift; sourceTree = "<group>"; };
		D5521C751CCDFE7600037C9F /* ServerCode.swift */ = {isa = PBXFileReference; fileEncoding = 4; lastKnownFileType = sourcecode.swift; path = ServerCode.swift; sourceTree = "<group>"; };
		D55D26281D3DFD8F00745A17 /* IoTRequestTests.swift */ = {isa = PBXFileReference; fileEncoding = 4; lastKnownFileType = sourcecode.swift; path = IoTRequestTests.swift; sourceTree = "<group>"; };
		D5636AFA1CE1E9E000760564 /* ScheduleOncePredicate.swift */ = {isa = PBXFileReference; fileEncoding = 4; lastKnownFileType = sourcecode.swift; path = ScheduleOncePredicate.swift; sourceTree = "<group>"; };
		D5636AFC1CE1EAFC00760564 /* StatePredicate.swift */ = {isa = PBXFileReference; fileEncoding = 4; lastKnownFileType = sourcecode.swift; path = StatePredicate.swift; sourceTree = "<group>"; };
		D5636AFE1CE1EB4200760564 /* SchedulePredicate.swift */ = {isa = PBXFileReference; fileEncoding = 4; lastKnownFileType = sourcecode.swift; path = SchedulePredicate.swift; sourceTree = "<group>"; };
/* End PBXFileReference section */

/* Begin PBXFrameworksBuildPhase section */
		7DD44DE21BD4B7CD00AE0249 /* Frameworks */ = {
			isa = PBXFrameworksBuildPhase;
			buildActionMask = 2147483647;
			files = (
			);
			runOnlyForDeploymentPostprocessing = 0;
		};
		7DD44DFF1BD4B88A00AE0249 /* Frameworks */ = {
			isa = PBXFrameworksBuildPhase;
			buildActionMask = 2147483647;
			files = (
			);
			runOnlyForDeploymentPostprocessing = 0;
		};
		B63FC8A61CEEDBFF0042C747 /* Frameworks */ = {
			isa = PBXFrameworksBuildPhase;
			buildActionMask = 2147483647;
			files = (
				B63FC8AE1CEEDBFF0042C747 /* ThingIFSDK.framework in Frameworks */,
			);
			runOnlyForDeploymentPostprocessing = 0;
		};
/* End PBXFrameworksBuildPhase section */

/* Begin PBXGroup section */
		22E486321CC4E14700269A1E /* Gateway */ = {
			isa = PBXGroup;
			children = (
				2264021D1CD1E67B00E30967 /* EndNode.swift */,
				2264021F1CD1E96300E30967 /* Gateway.swift */,
				22E486331CC4E1C000269A1E /* GatewayAPI.swift */,
				225E43391CC606E6003A3C4B /* GatewayAPIBuilder.swift */,
				225E43371CC5FF55003A3C4B /* GatewayInformation.swift */,
				226EA0CC1CD0CCFD002C1821 /* PendingEndNode.swift */,
			);
			path = Gateway;
			sourceTree = "<group>";
		};
		7417A2F91B65CF8400D116A5 = {
			isa = PBXGroup;
			children = (
				7D36B68C1BD4D0CC00D9B821 /* ThingIFSDKTests */,
				7D36B6361BD4D03100D9B821 /* ThingIFSDK */,
				B63FC8AA1CEEDBFF0042C747 /* ThingIFSDKLargeTests */,
				7417A3041B65CF8400D116A5 /* Products */,
			);
			sourceTree = "<group>";
		};
		7417A3041B65CF8400D116A5 /* Products */ = {
			isa = PBXGroup;
			children = (
				7DD44DE91BD4B7CD00AE0249 /* ThingIFSDK.framework */,
				7DD44E041BD4B88A00AE0249 /* ThingIFSDKTests.xctest */,
				B63FC8A91CEEDBFF0042C747 /* ThingIFSDKLargeTests.xctest */,
			);
			name = Products;
			sourceTree = "<group>";
		};
		7D36B6361BD4D03100D9B821 /* ThingIFSDK */ = {
			isa = PBXGroup;
			children = (
				22E486321CC4E14700269A1E /* Gateway */,
				7D36B6C31BD4D9DD00D9B821 /* ThingIFError.swift */,
				7D36B6C11BD4D51D00D9B821 /* ThingIFSDK.h */,
				7D36B6B31BD4D43700D9B821 /* ThingIFAPI.swift */,
				7D36B6B41BD4D43700D9B821 /* ThingIFAPI+Command.swift */,
				7D36B6B51BD4D43700D9B821 /* ThingIFAPI+GetState.swift */,
				7D36B6B61BD4D43700D9B821 /* ThingIFAPI+OnBoard.swift */,
				7D36B6B71BD4D43700D9B821 /* ThingIFAPI+Push.swift */,
				7D36B6B81BD4D43700D9B821 /* ThingIFAPI+Trigger.swift */,
				7D36B6B91BD4D43700D9B821 /* ThingIFAPIBuilder.swift */,
				7D36B6371BD4D03100D9B821 /* Clause.swift */,
				7D36B6381BD4D03100D9B821 /* Command.swift */,
				B6F9F2BC1CB22A4C009A990F /* CommandForm.swift */,
				7D36B6431BD4D03100D9B821 /* IoTOperations */,
				7D36B6451BD4D03100D9B821 /* NetworkObserver.swift */,
				7D36B6461BD4D03100D9B821 /* NSNumber+checkTypes.swift */,
				7D36B6471BD4D03100D9B821 /* Operations */,
				7D36B65C1BD4D03100D9B821 /* Owner.swift */,
				747196CE1D016EEC006B0937 /* Condition.swift */,
				7D36B65D1BD4D03100D9B821 /* Site.swift */,
				7419C2B71C27D10100F964FB /* App.swift */,
				7D36B65E1BD4D03100D9B821 /* AbstractThing.swift */,
				7D36B65F1BD4D03100D9B821 /* Trigger.swift */,
				D5636AF91CE1E9BB00760564 /* Predicates */,
				7D36B6601BD4D03100D9B821 /* TypedID.swift */,
				7D36B6611BD4D03100D9B821 /* Utils */,
				A56B0A421C5B43B100E653EF /* TriggeredServerCodeResult.swift */,
				226EA0CE1CD0D1A9002C1821 /* Target.swift */,
				226EA0D31CD0D883002C1821 /* TargetThing.swift */,
				2264021B1CD1DD8000E30967 /* StandaloneThing.swift */,
				D5521C751CCDFE7600037C9F /* ServerCode.swift */,
				220FEACD1D3F7E450019A77E /* DataGroupingInterval.swift */,
				224051F71D40D2360001BF4E /* LayoutPosition.swift */,
				224051F91D40D5C90001BF4E /* OnboardWithThingIDOptions.swift */,
				224051FB1D40DB4F0001BF4E /* OnboardWithVendorThingIDOptions.swift */,
				229039D91D473FFB00B9D0B7 /* OnboardEndnodeWithGatewayOptions.swift */,
				B6AC4A191D991CE1001A80DE /* TriggeredCommandForm.swift */,
				B6AC4A1B1D991DF2001A80DE /* TriggerOptions.swift */,
			);
			path = ThingIFSDK;
			sourceTree = "<group>";
		};
		7D36B6431BD4D03100D9B821 /* IoTOperations */ = {
			isa = PBXGroup;
			children = (
				7D36B6441BD4D03100D9B821 /* IoTRequestOperation.swift */,
			);
			path = IoTOperations;
			sourceTree = "<group>";
		};
		7D36B6471BD4D03100D9B821 /* Operations */ = {
			isa = PBXGroup;
			children = (
				7D36B6481BD4D03100D9B821 /* BlockObserver.swift */,
				7D36B6491BD4D03100D9B821 /* BlockOperation.swift */,
				7D36B64A1BD4D03100D9B821 /* DelayOperation.swift */,
				7D36B64B1BD4D03100D9B821 /* Dictionary+Operations.swift */,
				7D36B64C1BD4D03100D9B821 /* ExclusivityController.swift */,
				7D36B64D1BD4D03100D9B821 /* GroupOperation.swift */,
				7D36B64E1BD4D03100D9B821 /* MutuallyExclusive.swift */,
				7D36B64F1BD4D03100D9B821 /* NegatedCondition.swift */,
				7D36B6501BD4D03100D9B821 /* NoCancelledDependencies.swift */,
				7D36B6511BD4D03100D9B821 /* NSData+Operations.swift */,
				7D36B6521BD4D03100D9B821 /* NSLock+Operations.swift */,
				7D36B6531BD4D03100D9B821 /* NSOperation+Operations.swift */,
				7D36B6541BD4D03100D9B821 /* Operation.swift */,
				7D36B6551BD4D03100D9B821 /* OperationCondition.swift */,
				7D36B6561BD4D03100D9B821 /* OperationErrors.swift */,
				7D36B6571BD4D03100D9B821 /* OperationObserver.swift */,
				7D36B6581BD4D03100D9B821 /* OperationQueue.swift */,
				7D36B6591BD4D03100D9B821 /* ReachabilityCondition.swift */,
				7D36B65A1BD4D03100D9B821 /* TimeoutObserver.swift */,
				7D36B65B1BD4D03100D9B821 /* URLSessionTaskOperation.swift */,
			);
			path = Operations;
			sourceTree = "<group>";
		};
		7D36B6611BD4D03100D9B821 /* Utils */ = {
			isa = PBXGroup;
			children = (
				7D36B6621BD4D03100D9B821 /* Logger.swift */,
				747EB4B91C858BFC00E30C31 /* SDKVersion.swift */,
			);
			path = Utils;
			sourceTree = "<group>";
		};
		7D36B68C1BD4D0CC00D9B821 /* ThingIFSDKTests */ = {
			isa = PBXGroup;
			children = (
				B699E9D01CFC3E8100EBBC39 /* TypedIDTests.swift */,
				7D36B68D1BD4D0CC00D9B821 /* copyWithTarget.swift */,
				7D36B68E1BD4D0CC00D9B821 /* DeleteTriggerTests.swift */,
				7D36B68F1BD4D0CC00D9B821 /* EnableTriggerTests.swift */,
				7D36B6901BD4D0CC00D9B821 /* EntitySerializationTests.swift */,
				7D36B6911BD4D0CC00D9B821 /* GetCommandTest.swift */,
				7D36B6921BD4D0CC00D9B821 /* GetStateTests.swift */,
				7D36B6931BD4D0CC00D9B821 /* GetTriggerTests.swift */,
				7D36B6951BD4D0CC00D9B821 /* IoTCloudSDKTests.swift */,
				7D36B6961BD4D0CC00D9B821 /* ListCommandsTests.swift */,
				7D36B6971BD4D0CC00D9B821 /* ListTriggersTests.swift */,
				7D36B6981BD4D0CC00D9B821 /* OnboardingTests.swift */,
				7D36B6991BD4D0CC00D9B821 /* PatchTriggerTests.swift */,
				7D36B69A1BD4D0CC00D9B821 /* PostNewCommandTests.swift */,
				7D36B69B1BD4D0CC00D9B821 /* PostNewTriggerTests.swift */,
				B67938241CE4448A000B9322 /* PostNewTriggerForScheduleTests.swift */,
				7D36B69C1BD4D0CC00D9B821 /* PushInstallationTests.swift */,
				7D36B69D1BD4D0CC00D9B821 /* PushUninstallationTests.swift */,
				7D36B69E1BD4D0CC00D9B821 /* TestHelpers.swift */,
				7D36B69F1BD4D0CC00D9B821 /* XCTest+Utils.swift */,
				A56B0A461C61EA7A00E653EF /* PostNewServerCodeTriggerTests.swift */,
				B6323D2A1DA7572E0012D6A1 /* PostNewServerCodeTriggerWithTriggerOptionsTests.swift */,
				A56B0A481C62143000E653EF /* PatchServerCodeTriggerTests.swift */,
				A54C7C1C1C631B7300A38940 /* ListTriggeredServerCodeResultsTests.swift */,
				743800F71C29303A005D8458 /* TestSetting.swift */,
				743800F91C2930C9005D8458 /* testapp.plist */,
				A529D2A21C7444DE00C892D2 /* TriggeredServerCodeResultTest.swift */,
				A54EFC2D1C7D9EF500BCF4D2 /* SmallTestBase.swift */,
				B68227F31C85823A00AB85D0 /* CommandSerializationTest.swift */,
				22ADEC061C89899B00F487D9 /* PredicateNSCodingTests.swift */,
				22F2E77F1C8D60BD0011F85C /* TriggerNSCodingTests.swift */,
				225A591B1C8ED0EE0042B007 /* ConditionNSCodingTests.swift */,
				225A591D1C8ED8440042B007 /* ClauseNSCodingTests.swift */,
				B683A31A1CBB807A00742570 /* CommandFormTests.swift */,
				B6651A211CBBA6CE00221AAE /* PostNewCommandWithCommandFormTests.swift */,
				22537F871CE44E42006C214D /* OnboardEndnodeWithGatewayTests.swift */,
				22537F891CE44E8C006C214D /* UpdateVendorThingIDTests.swift */,
				22537F8B1CE44EC2006C214D /* GetVendorThingIDTests.swift */,
				226CD83F1CE5A7480049252A /* GatewayAPITestBase.swift */,
				226CD83D1CE5A3490049252A /* GetGatewayIDTests.swift */,
				2254F2141CE9929E00703185 /* GetGatewayInformationTests.swift */,
				2254F2161CE99C5C00703185 /* ListPendingEndNodesTests.swift */,
				2254F2181CE9C8E900703185 /* GatewayAPILoginTests.swift */,
				2254F21A1CE9DFE000703185 /* NotifyOnboardingCompletionTests.swift */,
				224277091CEAE803004369EE /* OnboardGatewayTests.swift */,
				2242770B1CEB17BD004369EE /* GatewayAPINSCodingTests.swift */,
				2242770D1CEB1AA2004369EE /* ReplaceEndNodeTests.swift */,
				2242770F1CEB2BB9004369EE /* GatewayAPIRestoreTests.swift */,
				2255434C1CEC34A900C73418 /* GatewayAPIStoredInstanceTests.swift */,
				2268EBA81CF2DA2E007F54E6 /* ListOnboardedEndNodesTests.swift */,
				D55D26281D3DFD8F00745A17 /* IoTRequestTests.swift */,
				226C79861D4F19B700E8C440 /* OnboardTests.swift */,
				B66EA4511DA4B61000B6AB75 /* TriggeredCommandFormTests.swift */,
				B66EA4531DA4BC1400B6AB75 /* TriggerOptionsTests.swift */,
				B60BBBD11DA5024D004B4AFB /* PostNewTriggerWithTriggeredCommandFormTests.swift */,
				B6323D281DA6271B0012D6A1 /* PatchTriggerWithTriggeredCommandFormTests.swift */,
				B6323D2C1DA78BC70012D6A1 /* PatchServerCodeTriggerWIthTriggerOptionsTests.swift */,
			);
			path = ThingIFSDKTests;
			sourceTree = "<group>";
		};
		B63FC8AA1CEEDBFF0042C747 /* ThingIFSDKLargeTests */ = {
			isa = PBXGroup;
			children = (
				B63FC8AD1CEEDBFF0042C747 /* Info.plist */,
				B63FC8B41CEEDCD50042C747 /* PostNewTriggerForSchedulePredicateTests.swift */,
				B673C0041CF81CEC00AEF519 /* TestSetting.plist */,
				B68D7BE01CF8242900D69149 /* LargeTestBase.swift */,
				224FA09A1D59A5460011327C /* OnboardAPITests.swift */,
			);
			path = ThingIFSDKLargeTests;
			sourceTree = "<group>";
		};
		D5636AF91CE1E9BB00760564 /* Predicates */ = {
			isa = PBXGroup;
			children = (
				D5521C731CCDFDA200037C9F /* Predicate.swift */,
				D5636AFA1CE1E9E000760564 /* ScheduleOncePredicate.swift */,
				D5636AFC1CE1EAFC00760564 /* StatePredicate.swift */,
				D5636AFE1CE1EB4200760564 /* SchedulePredicate.swift */,
			);
			name = Predicates;
			sourceTree = "<group>";
		};
/* End PBXGroup section */

/* Begin PBXHeadersBuildPhase section */
		7DD44DE31BD4B7CD00AE0249 /* Headers */ = {
			isa = PBXHeadersBuildPhase;
			buildActionMask = 2147483647;
			files = (
				7D36B6C21BD4D51D00D9B821 /* ThingIFSDK.h in Headers */,
			);
			runOnlyForDeploymentPostprocessing = 0;
		};
/* End PBXHeadersBuildPhase section */

/* Begin PBXNativeTarget section */
		7DD44DB91BD4B7CD00AE0249 /* ThingIFSDK */ = {
			isa = PBXNativeTarget;
			buildConfigurationList = 7DD44DE61BD4B7CD00AE0249 /* Build configuration list for PBXNativeTarget "ThingIFSDK" */;
			buildPhases = (
				7DD44DBA1BD4B7CD00AE0249 /* Sources */,
				7DD44DE21BD4B7CD00AE0249 /* Frameworks */,
				7DD44DE31BD4B7CD00AE0249 /* Headers */,
				7DD44DE51BD4B7CD00AE0249 /* Resources */,
			);
			buildRules = (
			);
			dependencies = (
			);
			name = ThingIFSDK;
			productName = IoTCloudSDK;
			productReference = 7DD44DE91BD4B7CD00AE0249 /* ThingIFSDK.framework */;
			productType = "com.apple.product-type.framework";
		};
		7DD44DEB1BD4B88A00AE0249 /* ThingIFSDKTests */ = {
			isa = PBXNativeTarget;
			buildConfigurationList = 7DD44E011BD4B88A00AE0249 /* Build configuration list for PBXNativeTarget "ThingIFSDKTests" */;
			buildPhases = (
				7DD44DEC1BD4B88A00AE0249 /* Sources */,
				7DD44DFF1BD4B88A00AE0249 /* Frameworks */,
				7DD44E001BD4B88A00AE0249 /* Resources */,
			);
			buildRules = (
			);
			dependencies = (
				7D36B6351BD4BE6600D9B821 /* PBXTargetDependency */,
			);
			name = ThingIFSDKTests;
			productName = IoTCloudSDKTests;
			productReference = 7DD44E041BD4B88A00AE0249 /* ThingIFSDKTests.xctest */;
			productType = "com.apple.product-type.bundle.unit-test";
		};
		B63FC8A81CEEDBFF0042C747 /* ThingIFSDKLargeTests */ = {
			isa = PBXNativeTarget;
			buildConfigurationList = B63FC8B31CEEDBFF0042C747 /* Build configuration list for PBXNativeTarget "ThingIFSDKLargeTests" */;
			buildPhases = (
				B63FC8A51CEEDBFF0042C747 /* Sources */,
				B63FC8A61CEEDBFF0042C747 /* Frameworks */,
				B63FC8A71CEEDBFF0042C747 /* Resources */,
			);
			buildRules = (
			);
			dependencies = (
				B63FC8B01CEEDBFF0042C747 /* PBXTargetDependency */,
			);
			name = ThingIFSDKLargeTests;
			productName = ThingIFSDKLargeTests;
			productReference = B63FC8A91CEEDBFF0042C747 /* ThingIFSDKLargeTests.xctest */;
			productType = "com.apple.product-type.bundle.unit-test";
		};
/* End PBXNativeTarget section */

/* Begin PBXProject section */
		7417A2FA1B65CF8400D116A5 /* Project object */ = {
			isa = PBXProject;
			attributes = {
				LastSwiftUpdateCheck = 0720;
				LastUpgradeCheck = 0700;
				ORGANIZATIONNAME = Kii;
				TargetAttributes = {
					7DD44DB91BD4B7CD00AE0249 = {
						LastSwiftMigration = 0800;
					};
					7DD44DEB1BD4B88A00AE0249 = {
						LastSwiftMigration = 0800;
					};
					B63FC8A81CEEDBFF0042C747 = {
						CreatedOnToolsVersion = 7.2.1;
						LastSwiftMigration = 0800;
					};
				};
			};
			buildConfigurationList = 7417A2FD1B65CF8400D116A5 /* Build configuration list for PBXProject "ThingIFSDK" */;
			compatibilityVersion = "Xcode 3.2";
			developmentRegion = English;
			hasScannedForEncodings = 0;
			knownRegions = (
				en,
				Base,
			);
			mainGroup = 7417A2F91B65CF8400D116A5;
			productRefGroup = 7417A3041B65CF8400D116A5 /* Products */;
			projectDirPath = "";
			projectRoot = "";
			targets = (
				7DD44DB91BD4B7CD00AE0249 /* ThingIFSDK */,
				7DD44DEB1BD4B88A00AE0249 /* ThingIFSDKTests */,
				B63FC8A81CEEDBFF0042C747 /* ThingIFSDKLargeTests */,
			);
		};
/* End PBXProject section */

/* Begin PBXResourcesBuildPhase section */
		7DD44DE51BD4B7CD00AE0249 /* Resources */ = {
			isa = PBXResourcesBuildPhase;
			buildActionMask = 2147483647;
			files = (
			);
			runOnlyForDeploymentPostprocessing = 0;
		};
		7DD44E001BD4B88A00AE0249 /* Resources */ = {
			isa = PBXResourcesBuildPhase;
			buildActionMask = 2147483647;
			files = (
				A50A1C091C6B1C35001EB310 /* testapp.plist in Resources */,
			);
			runOnlyForDeploymentPostprocessing = 0;
		};
		B63FC8A71CEEDBFF0042C747 /* Resources */ = {
			isa = PBXResourcesBuildPhase;
			buildActionMask = 2147483647;
			files = (
				B673C0051CF81CEC00AEF519 /* TestSetting.plist in Resources */,
			);
			runOnlyForDeploymentPostprocessing = 0;
		};
/* End PBXResourcesBuildPhase section */

/* Begin PBXSourcesBuildPhase section */
		7DD44DBA1BD4B7CD00AE0249 /* Sources */ = {
			isa = PBXSourcesBuildPhase;
			buildActionMask = 2147483647;
			files = (
				747196CF1D016EEC006B0937 /* Condition.swift in Sources */,
				7D36B6631BD4D03100D9B821 /* Clause.swift in Sources */,
				D5636AFD1CE1EAFC00760564 /* StatePredicate.swift in Sources */,
				225E433A1CC606E6003A3C4B /* GatewayAPIBuilder.swift in Sources */,
				7D36B6761BD4D03100D9B821 /* ExclusivityController.swift in Sources */,
				2264021C1CD1DD8000E30967 /* StandaloneThing.swift in Sources */,
				7D36B6C41BD4D9DD00D9B821 /* ThingIFError.swift in Sources */,
				7D36B6721BD4D03100D9B821 /* BlockObserver.swift in Sources */,
				7D36B67C1BD4D03100D9B821 /* NSLock+Operations.swift in Sources */,
				7D36B6731BD4D03100D9B821 /* BlockOperation.swift in Sources */,
				B6F9F2BD1CB22A4C009A990F /* CommandForm.swift in Sources */,
				225E43381CC5FF55003A3C4B /* GatewayInformation.swift in Sources */,
				226EA0CF1CD0D1A9002C1821 /* Target.swift in Sources */,
				2264021E1CD1E67B00E30967 /* EndNode.swift in Sources */,
				7D36B6811BD4D03100D9B821 /* OperationObserver.swift in Sources */,
				229039DA1D473FFB00B9D0B7 /* OnboardEndnodeWithGatewayOptions.swift in Sources */,
				7D36B66F1BD4D03100D9B821 /* IoTRequestOperation.swift in Sources */,
				D5521C761CCDFE7600037C9F /* ServerCode.swift in Sources */,
				A56B0A431C5B43B100E653EF /* TriggeredServerCodeResult.swift in Sources */,
				7D36B6891BD4D03100D9B821 /* Trigger.swift in Sources */,
				D5521C741CCDFDA200037C9F /* Predicate.swift in Sources */,
				7D36B6771BD4D03100D9B821 /* GroupOperation.swift in Sources */,
				224051FA1D40D5C90001BF4E /* OnboardWithThingIDOptions.swift in Sources */,
				7D36B6751BD4D03100D9B821 /* Dictionary+Operations.swift in Sources */,
				7D36B6641BD4D03100D9B821 /* Command.swift in Sources */,
				226EA0D41CD0D883002C1821 /* TargetThing.swift in Sources */,
				7D36B67A1BD4D03100D9B821 /* NoCancelledDependencies.swift in Sources */,
				D5636AFF1CE1EB4200760564 /* SchedulePredicate.swift in Sources */,
				224051F81D40D2360001BF4E /* LayoutPosition.swift in Sources */,
				7419C2B81C27D10100F964FB /* App.swift in Sources */,
				747EB4BA1C858BFC00E30C31 /* SDKVersion.swift in Sources */,
				7D36B67D1BD4D03100D9B821 /* NSOperation+Operations.swift in Sources */,
				7D36B6821BD4D03100D9B821 /* OperationQueue.swift in Sources */,
				7D36B6801BD4D03100D9B821 /* OperationErrors.swift in Sources */,
				D5636AFB1CE1E9E000760564 /* ScheduleOncePredicate.swift in Sources */,
				7D36B68B1BD4D03100D9B821 /* Logger.swift in Sources */,
				7D36B6C01BD4D43700D9B821 /* ThingIFAPIBuilder.swift in Sources */,
				B6AC4A1A1D991CE1001A80DE /* TriggeredCommandForm.swift in Sources */,
				7D36B6BC1BD4D43700D9B821 /* ThingIFAPI+GetState.swift in Sources */,
				7D36B6BD1BD4D43700D9B821 /* ThingIFAPI+OnBoard.swift in Sources */,
				226402201CD1E96300E30967 /* Gateway.swift in Sources */,
				7D36B6871BD4D03100D9B821 /* Site.swift in Sources */,
				7D36B6781BD4D03100D9B821 /* MutuallyExclusive.swift in Sources */,
				7D36B6BA1BD4D43700D9B821 /* ThingIFAPI.swift in Sources */,
				7D36B6711BD4D03100D9B821 /* NSNumber+checkTypes.swift in Sources */,
				7D36B67B1BD4D03100D9B821 /* NSData+Operations.swift in Sources */,
				7D36B6701BD4D03100D9B821 /* NetworkObserver.swift in Sources */,
				226EA0CD1CD0CCFD002C1821 /* PendingEndNode.swift in Sources */,
				7D36B6BF1BD4D43700D9B821 /* ThingIFAPI+Trigger.swift in Sources */,
				22E486341CC4E1C000269A1E /* GatewayAPI.swift in Sources */,
				7D36B6BE1BD4D43700D9B821 /* ThingIFAPI+Push.swift in Sources */,
				7D36B6851BD4D03100D9B821 /* URLSessionTaskOperation.swift in Sources */,
				7D36B6791BD4D03100D9B821 /* NegatedCondition.swift in Sources */,
				B6AC4A1C1D991DF2001A80DE /* TriggerOptions.swift in Sources */,
				7D36B68A1BD4D03100D9B821 /* TypedID.swift in Sources */,
				7D36B6BB1BD4D43700D9B821 /* ThingIFAPI+Command.swift in Sources */,
				220FEACE1D3F7E450019A77E /* DataGroupingInterval.swift in Sources */,
				7D36B67E1BD4D03100D9B821 /* Operation.swift in Sources */,
				7D36B6881BD4D03100D9B821 /* AbstractThing.swift in Sources */,
				224051FC1D40DB4F0001BF4E /* OnboardWithVendorThingIDOptions.swift in Sources */,
				7D36B6831BD4D03100D9B821 /* ReachabilityCondition.swift in Sources */,
				7D36B6741BD4D03100D9B821 /* DelayOperation.swift in Sources */,
				7D36B6861BD4D03100D9B821 /* Owner.swift in Sources */,
				7D36B67F1BD4D03100D9B821 /* OperationCondition.swift in Sources */,
				7D36B6841BD4D03100D9B821 /* TimeoutObserver.swift in Sources */,
			);
			runOnlyForDeploymentPostprocessing = 0;
		};
		7DD44DEC1BD4B88A00AE0249 /* Sources */ = {
			isa = PBXSourcesBuildPhase;
			buildActionMask = 2147483647;
			files = (
				A529D2A31C7444DE00C892D2 /* TriggeredServerCodeResultTest.swift in Sources */,
				2254F2191CE9C8E900703185 /* GatewayAPILoginTests.swift in Sources */,
				7D36B6B01BD4D0CC00D9B821 /* PushUninstallationTests.swift in Sources */,
				B66EA4541DA4BC1400B6AB75 /* TriggerOptionsTests.swift in Sources */,
				B699E9D11CFC3E8100EBBC39 /* TypedIDTests.swift in Sources */,
				22537F8C1CE44EC2006C214D /* GetVendorThingIDTests.swift in Sources */,
				2268EBA91CF2DA2E007F54E6 /* ListOnboardedEndNodesTests.swift in Sources */,
				7D36B6AF1BD4D0CC00D9B821 /* PushInstallationTests.swift in Sources */,
				B60BBBD21DA5024D004B4AFB /* PostNewTriggerWithTriggeredCommandFormTests.swift in Sources */,
				7D36B6B21BD4D0CC00D9B821 /* XCTest+Utils.swift in Sources */,
				224277101CEB2BB9004369EE /* GatewayAPIRestoreTests.swift in Sources */,
				2242770E1CEB1AA2004369EE /* ReplaceEndNodeTests.swift in Sources */,
				A54C7C1D1C631B7300A38940 /* ListTriggeredServerCodeResultsTests.swift in Sources */,
				2242770A1CEAE803004369EE /* OnboardGatewayTests.swift in Sources */,
				7D36B6AA1BD4D0CC00D9B821 /* ListTriggersTests.swift in Sources */,
				7D36B6A41BD4D0CC00D9B821 /* GetCommandTest.swift in Sources */,
				A56B0A471C61EA7A00E653EF /* PostNewServerCodeTriggerTests.swift in Sources */,
				226CD83E1CE5A3490049252A /* GetGatewayIDTests.swift in Sources */,
				7D36B6A81BD4D0CC00D9B821 /* IoTCloudSDKTests.swift in Sources */,
				7D36B6A61BD4D0CC00D9B821 /* GetTriggerTests.swift in Sources */,
				B67938251CE4448A000B9322 /* PostNewTriggerForScheduleTests.swift in Sources */,
				225A591C1C8ED0EE0042B007 /* ConditionNSCodingTests.swift in Sources */,
				B66EA4521DA4B61000B6AB75 /* TriggeredCommandFormTests.swift in Sources */,
				B683A31B1CBB807A00742570 /* CommandFormTests.swift in Sources */,
				743800F81C29303A005D8458 /* TestSetting.swift in Sources */,
				7D36B6A01BD4D0CC00D9B821 /* copyWithTarget.swift in Sources */,
				D55D26291D3DFD8F00745A17 /* IoTRequestTests.swift in Sources */,
				7D36B6AC1BD4D0CC00D9B821 /* PatchTriggerTests.swift in Sources */,
				7D36B6A51BD4D0CC00D9B821 /* GetStateTests.swift in Sources */,
				7D36B6A91BD4D0CC00D9B821 /* ListCommandsTests.swift in Sources */,
				2254F2171CE99C5C00703185 /* ListPendingEndNodesTests.swift in Sources */,
				2254F21B1CE9DFE000703185 /* NotifyOnboardingCompletionTests.swift in Sources */,
				7D36B6AD1BD4D0CC00D9B821 /* PostNewCommandTests.swift in Sources */,
				B6323D2D1DA78BC70012D6A1 /* PatchServerCodeTriggerWIthTriggerOptionsTests.swift in Sources */,
				2242770C1CEB17BD004369EE /* GatewayAPINSCodingTests.swift in Sources */,
				7D36B6B11BD4D0CC00D9B821 /* TestHelpers.swift in Sources */,
				225A591E1C8ED8440042B007 /* ClauseNSCodingTests.swift in Sources */,
				226CD8401CE5A7480049252A /* GatewayAPITestBase.swift in Sources */,
				7D36B6AB1BD4D0CC00D9B821 /* OnboardingTests.swift in Sources */,
				2255434D1CEC34A900C73418 /* GatewayAPIStoredInstanceTests.swift in Sources */,
				A54EFC2E1C7D9EF500BCF4D2 /* SmallTestBase.swift in Sources */,
				7D36B6A21BD4D0CC00D9B821 /* EnableTriggerTests.swift in Sources */,
				B6323D291DA6271B0012D6A1 /* PatchTriggerWithTriggeredCommandFormTests.swift in Sources */,
				B6651A221CBBA6CE00221AAE /* PostNewCommandWithCommandFormTests.swift in Sources */,
				B68227F41C85823A00AB85D0 /* CommandSerializationTest.swift in Sources */,
				7D36B6AE1BD4D0CC00D9B821 /* PostNewTriggerTests.swift in Sources */,
				226C79871D4F19B700E8C440 /* OnboardTests.swift in Sources */,
				B6323D2B1DA7572E0012D6A1 /* PostNewServerCodeTriggerWithTriggerOptionsTests.swift in Sources */,
				22ADEC071C89899B00F487D9 /* PredicateNSCodingTests.swift in Sources */,
				22F2E7801C8D60BD0011F85C /* TriggerNSCodingTests.swift in Sources */,
				7D36B6A11BD4D0CC00D9B821 /* DeleteTriggerTests.swift in Sources */,
				7D36B6A31BD4D0CC00D9B821 /* EntitySerializationTests.swift in Sources */,
				2254F2151CE9929E00703185 /* GetGatewayInformationTests.swift in Sources */,
				22537F8A1CE44E8C006C214D /* UpdateVendorThingIDTests.swift in Sources */,
				22537F881CE44E42006C214D /* OnboardEndnodeWithGatewayTests.swift in Sources */,
				A56B0A491C62143000E653EF /* PatchServerCodeTriggerTests.swift in Sources */,
			);
			runOnlyForDeploymentPostprocessing = 0;
		};
		B63FC8A51CEEDBFF0042C747 /* Sources */ = {
			isa = PBXSourcesBuildPhase;
			buildActionMask = 2147483647;
			files = (
				B68D7BE11CF8242900D69149 /* LargeTestBase.swift in Sources */,
				224FA09B1D59A5460011327C /* OnboardAPITests.swift in Sources */,
				B63FC8B51CEEDCD50042C747 /* PostNewTriggerForSchedulePredicateTests.swift in Sources */,
			);
			runOnlyForDeploymentPostprocessing = 0;
		};
/* End PBXSourcesBuildPhase section */

/* Begin PBXTargetDependency section */
		7D36B6351BD4BE6600D9B821 /* PBXTargetDependency */ = {
			isa = PBXTargetDependency;
			target = 7DD44DB91BD4B7CD00AE0249 /* ThingIFSDK */;
			targetProxy = 7D36B6341BD4BE6600D9B821 /* PBXContainerItemProxy */;
		};
		B63FC8B01CEEDBFF0042C747 /* PBXTargetDependency */ = {
			isa = PBXTargetDependency;
			target = 7DD44DB91BD4B7CD00AE0249 /* ThingIFSDK */;
			targetProxy = B63FC8AF1CEEDBFF0042C747 /* PBXContainerItemProxy */;
		};
/* End PBXTargetDependency section */

/* Begin XCBuildConfiguration section */
		7417A3171B65CF8500D116A5 /* Debug */ = {
			isa = XCBuildConfiguration;
			buildSettings = {
				ALWAYS_SEARCH_USER_PATHS = NO;
				CLANG_CXX_LANGUAGE_STANDARD = "gnu++0x";
				CLANG_CXX_LIBRARY = "libc++";
				CLANG_ENABLE_MODULES = YES;
				CLANG_ENABLE_OBJC_ARC = YES;
				CLANG_WARN_BOOL_CONVERSION = YES;
				CLANG_WARN_CONSTANT_CONVERSION = YES;
				CLANG_WARN_DIRECT_OBJC_ISA_USAGE = YES_ERROR;
				CLANG_WARN_EMPTY_BODY = YES;
				CLANG_WARN_ENUM_CONVERSION = YES;
				CLANG_WARN_INT_CONVERSION = YES;
				CLANG_WARN_OBJC_ROOT_CLASS = YES_ERROR;
				CLANG_WARN_UNREACHABLE_CODE = YES;
				CLANG_WARN__DUPLICATE_METHOD_MATCH = YES;
				"CODE_SIGN_IDENTITY[sdk=iphoneos*]" = "iPhone Developer";
				COPY_PHASE_STRIP = NO;
				CURRENT_PROJECT_VERSION = 0.12.0;
				DEBUG_INFORMATION_FORMAT = "dwarf-with-dsym";
				ENABLE_STRICT_OBJC_MSGSEND = YES;
				ENABLE_TESTABILITY = YES;
				GCC_C_LANGUAGE_STANDARD = gnu99;
				GCC_DYNAMIC_NO_PIC = NO;
				GCC_NO_COMMON_BLOCKS = YES;
				GCC_OPTIMIZATION_LEVEL = 0;
				GCC_PREPROCESSOR_DEFINITIONS = (
					"DEBUG=1",
					"$(inherited)",
				);
				GCC_SYMBOLS_PRIVATE_EXTERN = NO;
				GCC_WARN_64_TO_32_BIT_CONVERSION = YES;
				GCC_WARN_ABOUT_RETURN_TYPE = YES_ERROR;
				GCC_WARN_UNDECLARED_SELECTOR = YES;
				GCC_WARN_UNINITIALIZED_AUTOS = YES_AGGRESSIVE;
				GCC_WARN_UNUSED_FUNCTION = YES;
				GCC_WARN_UNUSED_VARIABLE = YES;
				IPHONEOS_DEPLOYMENT_TARGET = 8.4;
				MTL_ENABLE_DEBUG_INFO = YES;
				ONLY_ACTIVE_ARCH = YES;
				SDKROOT = iphoneos;
				SWIFT_OPTIMIZATION_LEVEL = "-Onone";
				TARGETED_DEVICE_FAMILY = "1,2";
				VERSIONING_SYSTEM = "apple-generic";
				VERSION_INFO_PREFIX = "";
			};
			name = Debug;
		};
		7417A3181B65CF8500D116A5 /* Release */ = {
			isa = XCBuildConfiguration;
			buildSettings = {
				ALWAYS_SEARCH_USER_PATHS = NO;
				CLANG_CXX_LANGUAGE_STANDARD = "gnu++0x";
				CLANG_CXX_LIBRARY = "libc++";
				CLANG_ENABLE_MODULES = YES;
				CLANG_ENABLE_OBJC_ARC = YES;
				CLANG_WARN_BOOL_CONVERSION = YES;
				CLANG_WARN_CONSTANT_CONVERSION = YES;
				CLANG_WARN_DIRECT_OBJC_ISA_USAGE = YES_ERROR;
				CLANG_WARN_EMPTY_BODY = YES;
				CLANG_WARN_ENUM_CONVERSION = YES;
				CLANG_WARN_INT_CONVERSION = YES;
				CLANG_WARN_OBJC_ROOT_CLASS = YES_ERROR;
				CLANG_WARN_UNREACHABLE_CODE = YES;
				CLANG_WARN__DUPLICATE_METHOD_MATCH = YES;
				"CODE_SIGN_IDENTITY[sdk=iphoneos*]" = "iPhone Developer";
				COPY_PHASE_STRIP = NO;
				CURRENT_PROJECT_VERSION = 0.12.0;
				DEBUG_INFORMATION_FORMAT = "dwarf-with-dsym";
				ENABLE_NS_ASSERTIONS = NO;
				ENABLE_STRICT_OBJC_MSGSEND = YES;
				GCC_C_LANGUAGE_STANDARD = gnu99;
				GCC_NO_COMMON_BLOCKS = YES;
				GCC_WARN_64_TO_32_BIT_CONVERSION = YES;
				GCC_WARN_ABOUT_RETURN_TYPE = YES_ERROR;
				GCC_WARN_UNDECLARED_SELECTOR = YES;
				GCC_WARN_UNINITIALIZED_AUTOS = YES_AGGRESSIVE;
				GCC_WARN_UNUSED_FUNCTION = YES;
				GCC_WARN_UNUSED_VARIABLE = YES;
				IPHONEOS_DEPLOYMENT_TARGET = 8.4;
				MTL_ENABLE_DEBUG_INFO = NO;
				SDKROOT = iphoneos;
				TARGETED_DEVICE_FAMILY = "1,2";
				VALIDATE_PRODUCT = YES;
				VERSIONING_SYSTEM = "apple-generic";
				VERSION_INFO_PREFIX = "";
			};
			name = Release;
		};
		7DD44DE71BD4B7CD00AE0249 /* Debug */ = {
			isa = XCBuildConfiguration;
			buildSettings = {
				CLANG_ENABLE_MODULES = YES;
				CODE_SIGN_IDENTITY = "iPhone Developer";
				"CODE_SIGN_IDENTITY[sdk=iphoneos*]" = "iPhone Developer";
				DEFINES_MODULE = YES;
				DYLIB_COMPATIBILITY_VERSION = 1;
				DYLIB_CURRENT_VERSION = 0.12.0;
				DYLIB_INSTALL_NAME_BASE = "@rpath";
				INFOPLIST_FILE = "ThingIFSDK-Info.plist";
				INSTALL_PATH = "$(LOCAL_LIBRARY_DIR)/Frameworks";
				IPHONEOS_DEPLOYMENT_TARGET = 8.0;
				LD_RUNPATH_SEARCH_PATHS = "$(inherited) @executable_path/Frameworks @loader_path/Frameworks";
				PRODUCT_BUNDLE_IDENTIFIER = "Kii-Corporation.$(PRODUCT_NAME:rfc1034identifier)";
				PRODUCT_NAME = "$(TARGET_NAME)";
				SKIP_INSTALL = YES;
				SWIFT_OPTIMIZATION_LEVEL = "-Onone";
				SWIFT_VERSION = 2.3;
			};
			name = Debug;
		};
		7DD44DE81BD4B7CD00AE0249 /* Release */ = {
			isa = XCBuildConfiguration;
			buildSettings = {
				CLANG_ENABLE_MODULES = YES;
				CODE_SIGN_IDENTITY = "iPhone Developer";
				"CODE_SIGN_IDENTITY[sdk=iphoneos*]" = "iPhone Developer";
				DEFINES_MODULE = YES;
				DYLIB_COMPATIBILITY_VERSION = 1;
				DYLIB_CURRENT_VERSION = 0.12.0;
				DYLIB_INSTALL_NAME_BASE = "@rpath";
				INFOPLIST_FILE = "ThingIFSDK-Info.plist";
				INSTALL_PATH = "$(LOCAL_LIBRARY_DIR)/Frameworks";
				IPHONEOS_DEPLOYMENT_TARGET = 8.0;
				LD_RUNPATH_SEARCH_PATHS = "$(inherited) @executable_path/Frameworks @loader_path/Frameworks";
				PRODUCT_BUNDLE_IDENTIFIER = "Kii-Corporation.$(PRODUCT_NAME:rfc1034identifier)";
				PRODUCT_NAME = "$(TARGET_NAME)";
				SKIP_INSTALL = YES;
				SWIFT_VERSION = 2.3;
			};
			name = Release;
		};
		7DD44E021BD4B88A00AE0249 /* Debug */ = {
			isa = XCBuildConfiguration;
			buildSettings = {
				FRAMEWORK_SEARCH_PATHS = "";
				GCC_PREPROCESSOR_DEFINITIONS = (
					"DEBUG=1",
					"$(inherited)",
				);
				INFOPLIST_FILE = "ThingIFSDKTests-Info.plist";
				LD_RUNPATH_SEARCH_PATHS = "$(inherited) @executable_path/Frameworks @loader_path/Frameworks";
				PRODUCT_BUNDLE_IDENTIFIER = "Kii-Corporation.$(PRODUCT_NAME:rfc1034identifier)";
				PRODUCT_NAME = "$(TARGET_NAME)";
				SWIFT_VERSION = 2.3;
			};
			name = Debug;
		};
		7DD44E031BD4B88A00AE0249 /* Release */ = {
			isa = XCBuildConfiguration;
			buildSettings = {
				FRAMEWORK_SEARCH_PATHS = "";
				INFOPLIST_FILE = "ThingIFSDKTests-Info.plist";
				LD_RUNPATH_SEARCH_PATHS = "$(inherited) @executable_path/Frameworks @loader_path/Frameworks";
				PRODUCT_BUNDLE_IDENTIFIER = "Kii-Corporation.$(PRODUCT_NAME:rfc1034identifier)";
				PRODUCT_NAME = "$(TARGET_NAME)";
				SWIFT_VERSION = 2.3;
			};
			name = Release;
		};
		B63FC8B11CEEDBFF0042C747 /* Debug */ = {
			isa = XCBuildConfiguration;
			buildSettings = {
				CLANG_ENABLE_MODULES = YES;
				DEBUG_INFORMATION_FORMAT = dwarf;
				INFOPLIST_FILE = ThingIFSDKLargeTests/Info.plist;
				IPHONEOS_DEPLOYMENT_TARGET = 9.2;
				LD_RUNPATH_SEARCH_PATHS = "$(inherited) @executable_path/Frameworks @loader_path/Frameworks";
				PRODUCT_BUNDLE_IDENTIFIER = com.kii.ThingIFSDKLargeTests;
				PRODUCT_NAME = "$(TARGET_NAME)";
				SWIFT_OPTIMIZATION_LEVEL = "-Onone";
				SWIFT_VERSION = 2.3;
			};
			name = Debug;
		};
		B63FC8B21CEEDBFF0042C747 /* Release */ = {
			isa = XCBuildConfiguration;
			buildSettings = {
				CLANG_ENABLE_MODULES = YES;
				INFOPLIST_FILE = ThingIFSDKLargeTests/Info.plist;
				IPHONEOS_DEPLOYMENT_TARGET = 9.2;
				LD_RUNPATH_SEARCH_PATHS = "$(inherited) @executable_path/Frameworks @loader_path/Frameworks";
				PRODUCT_BUNDLE_IDENTIFIER = com.kii.ThingIFSDKLargeTests;
				PRODUCT_NAME = "$(TARGET_NAME)";
				SWIFT_VERSION = 2.3;
			};
			name = Release;
		};
/* End XCBuildConfiguration section */

/* Begin XCConfigurationList section */
		7417A2FD1B65CF8400D116A5 /* Build configuration list for PBXProject "ThingIFSDK" */ = {
			isa = XCConfigurationList;
			buildConfigurations = (
				7417A3171B65CF8500D116A5 /* Debug */,
				7417A3181B65CF8500D116A5 /* Release */,
			);
			defaultConfigurationIsVisible = 0;
			defaultConfigurationName = Release;
		};
		7DD44DE61BD4B7CD00AE0249 /* Build configuration list for PBXNativeTarget "ThingIFSDK" */ = {
			isa = XCConfigurationList;
			buildConfigurations = (
				7DD44DE71BD4B7CD00AE0249 /* Debug */,
				7DD44DE81BD4B7CD00AE0249 /* Release */,
			);
			defaultConfigurationIsVisible = 0;
			defaultConfigurationName = Release;
		};
		7DD44E011BD4B88A00AE0249 /* Build configuration list for PBXNativeTarget "ThingIFSDKTests" */ = {
			isa = XCConfigurationList;
			buildConfigurations = (
				7DD44E021BD4B88A00AE0249 /* Debug */,
				7DD44E031BD4B88A00AE0249 /* Release */,
			);
			defaultConfigurationIsVisible = 0;
			defaultConfigurationName = Release;
		};
		B63FC8B31CEEDBFF0042C747 /* Build configuration list for PBXNativeTarget "ThingIFSDKLargeTests" */ = {
			isa = XCConfigurationList;
			buildConfigurations = (
				B63FC8B11CEEDBFF0042C747 /* Debug */,
				B63FC8B21CEEDBFF0042C747 /* Release */,
			);
			defaultConfigurationIsVisible = 0;
			defaultConfigurationName = Release;
		};
/* End XCConfigurationList section */
	};
	rootObject = 7417A2FA1B65CF8400D116A5 /* Project object */;
}
