// !$*UTF8*$!
{
	archiveVersion = 1;
	classes = {
	};
	objectVersion = 46;
	objects = {

/* Begin PBXBuildFile section */
		22BBD2E71D6DA0F7009B2AE6 /* AppDelegate.swift in Sources */ = {isa = PBXBuildFile; fileRef = 22BBD2E61D6DA0F7009B2AE6 /* AppDelegate.swift */; };
		22BBD2E91D6DA0F7009B2AE6 /* ViewController.swift in Sources */ = {isa = PBXBuildFile; fileRef = 22BBD2E81D6DA0F7009B2AE6 /* ViewController.swift */; };
		22BBD2EC1D6DA0F7009B2AE6 /* Main.storyboard in Resources */ = {isa = PBXBuildFile; fileRef = 22BBD2EA1D6DA0F7009B2AE6 /* Main.storyboard */; };
		22BBD2EE1D6DA0F7009B2AE6 /* Assets.xcassets in Resources */ = {isa = PBXBuildFile; fileRef = 22BBD2ED1D6DA0F7009B2AE6 /* Assets.xcassets */; };
		22BBD2F11D6DA0F7009B2AE6 /* LaunchScreen.storyboard in Resources */ = {isa = PBXBuildFile; fileRef = 22BBD2EF1D6DA0F7009B2AE6 /* LaunchScreen.storyboard */; };
		22BBD2FC1D6DA0F7009B2AE6 /* TestAppForCrossTriggerTests.swift in Sources */ = {isa = PBXBuildFile; fileRef = 22BBD2FB1D6DA0F7009B2AE6 /* TestAppForCrossTriggerTests.swift */; };
		22BBD3071D6DA0F7009B2AE6 /* TestAppForCrossTriggerUITests.swift in Sources */ = {isa = PBXBuildFile; fileRef = 22BBD3061D6DA0F7009B2AE6 /* TestAppForCrossTriggerUITests.swift */; };
		22BBD3171D6DB695009B2AE6 /* ThingIFSDK.framework in Frameworks */ = {isa = PBXBuildFile; fileRef = 22BBD3141D6DB623009B2AE6 /* ThingIFSDK.framework */; settings = {ATTRIBUTES = (Required, ); }; };
		22BBD31A1D6DB710009B2AE6 /* ThingIFSDK.framework in Embed Frameworks */ = {isa = PBXBuildFile; fileRef = 22BBD3141D6DB623009B2AE6 /* ThingIFSDK.framework */; settings = {ATTRIBUTES = (CodeSignOnCopy, RemoveHeadersOnCopy, ); }; };
/* End PBXBuildFile section */

/* Begin PBXContainerItemProxy section */
		22BBD2F81D6DA0F7009B2AE6 /* PBXContainerItemProxy */ = {
			isa = PBXContainerItemProxy;
			containerPortal = 22BBD2DB1D6DA0F7009B2AE6 /* Project object */;
			proxyType = 1;
			remoteGlobalIDString = 22BBD2E21D6DA0F7009B2AE6;
			remoteInfo = TestAppForCrossTrigger;
		};
		22BBD3031D6DA0F7009B2AE6 /* PBXContainerItemProxy */ = {
			isa = PBXContainerItemProxy;
			containerPortal = 22BBD2DB1D6DA0F7009B2AE6 /* Project object */;
			proxyType = 1;
			remoteGlobalIDString = 22BBD2E21D6DA0F7009B2AE6;
			remoteInfo = TestAppForCrossTrigger;
		};
/* End PBXContainerItemProxy section */

/* Begin PBXCopyFilesBuildPhase section */
		22BBD31B1D6DB710009B2AE6 /* Embed Frameworks */ = {
			isa = PBXCopyFilesBuildPhase;
			buildActionMask = 2147483647;
			dstPath = "";
			dstSubfolderSpec = 10;
			files = (
				22BBD31A1D6DB710009B2AE6 /* ThingIFSDK.framework in Embed Frameworks */,
			);
			name = "Embed Frameworks";
			runOnlyForDeploymentPostprocessing = 0;
		};
/* End PBXCopyFilesBuildPhase section */

/* Begin PBXFileReference section */
		22BBD2E31D6DA0F7009B2AE6 /* TestAppForCrossTrigger.app */ = {isa = PBXFileReference; explicitFileType = wrapper.application; includeInIndex = 0; path = TestAppForCrossTrigger.app; sourceTree = BUILT_PRODUCTS_DIR; };
		22BBD2E61D6DA0F7009B2AE6 /* AppDelegate.swift */ = {isa = PBXFileReference; lastKnownFileType = sourcecode.swift; path = AppDelegate.swift; sourceTree = "<group>"; };
		22BBD2E81D6DA0F7009B2AE6 /* ViewController.swift */ = {isa = PBXFileReference; lastKnownFileType = sourcecode.swift; path = ViewController.swift; sourceTree = "<group>"; };
		22BBD2EB1D6DA0F7009B2AE6 /* Base */ = {isa = PBXFileReference; lastKnownFileType = file.storyboard; name = Base; path = Base.lproj/Main.storyboard; sourceTree = "<group>"; };
		22BBD2ED1D6DA0F7009B2AE6 /* Assets.xcassets */ = {isa = PBXFileReference; lastKnownFileType = folder.assetcatalog; path = Assets.xcassets; sourceTree = "<group>"; };
		22BBD2F01D6DA0F7009B2AE6 /* Base */ = {isa = PBXFileReference; lastKnownFileType = file.storyboard; name = Base; path = Base.lproj/LaunchScreen.storyboard; sourceTree = "<group>"; };
		22BBD2F21D6DA0F7009B2AE6 /* Info.plist */ = {isa = PBXFileReference; lastKnownFileType = text.plist.xml; path = Info.plist; sourceTree = "<group>"; };
		22BBD2F71D6DA0F7009B2AE6 /* TestAppForCrossTriggerTests.xctest */ = {isa = PBXFileReference; explicitFileType = wrapper.cfbundle; includeInIndex = 0; path = TestAppForCrossTriggerTests.xctest; sourceTree = BUILT_PRODUCTS_DIR; };
		22BBD2FB1D6DA0F7009B2AE6 /* TestAppForCrossTriggerTests.swift */ = {isa = PBXFileReference; lastKnownFileType = sourcecode.swift; path = TestAppForCrossTriggerTests.swift; sourceTree = "<group>"; };
		22BBD2FD1D6DA0F7009B2AE6 /* Info.plist */ = {isa = PBXFileReference; lastKnownFileType = text.plist.xml; path = Info.plist; sourceTree = "<group>"; };
		22BBD3021D6DA0F7009B2AE6 /* TestAppForCrossTriggerUITests.xctest */ = {isa = PBXFileReference; explicitFileType = wrapper.cfbundle; includeInIndex = 0; path = TestAppForCrossTriggerUITests.xctest; sourceTree = BUILT_PRODUCTS_DIR; };
		22BBD3061D6DA0F7009B2AE6 /* TestAppForCrossTriggerUITests.swift */ = {isa = PBXFileReference; lastKnownFileType = sourcecode.swift; path = TestAppForCrossTriggerUITests.swift; sourceTree = "<group>"; };
		22BBD3081D6DA0F7009B2AE6 /* Info.plist */ = {isa = PBXFileReference; lastKnownFileType = text.plist.xml; path = Info.plist; sourceTree = "<group>"; };
		22BBD3141D6DB623009B2AE6 /* ThingIFSDK.framework */ = {isa = PBXFileReference; lastKnownFileType = wrapper.framework; name = ThingIFSDK.framework; path = frameworks/ThingIFSDK.framework; sourceTree = "<group>"; };
/* End PBXFileReference section */

/* Begin PBXFrameworksBuildPhase section */
		22BBD2E01D6DA0F7009B2AE6 /* Frameworks */ = {
			isa = PBXFrameworksBuildPhase;
			buildActionMask = 2147483647;
			files = (
				22BBD3171D6DB695009B2AE6 /* ThingIFSDK.framework in Frameworks */,
			);
			runOnlyForDeploymentPostprocessing = 0;
		};
		22BBD2F41D6DA0F7009B2AE6 /* Frameworks */ = {
			isa = PBXFrameworksBuildPhase;
			buildActionMask = 2147483647;
			files = (
			);
			runOnlyForDeploymentPostprocessing = 0;
		};
		22BBD2FF1D6DA0F7009B2AE6 /* Frameworks */ = {
			isa = PBXFrameworksBuildPhase;
			buildActionMask = 2147483647;
			files = (
			);
			runOnlyForDeploymentPostprocessing = 0;
		};
/* End PBXFrameworksBuildPhase section */

/* Begin PBXGroup section */
		22BBD2DA1D6DA0F7009B2AE6 = {
			isa = PBXGroup;
			children = (
				22BBD3141D6DB623009B2AE6 /* ThingIFSDK.framework */,
				22BBD2E51D6DA0F7009B2AE6 /* TestAppForCrossTrigger */,
				22BBD2FA1D6DA0F7009B2AE6 /* TestAppForCrossTriggerTests */,
				22BBD3051D6DA0F7009B2AE6 /* TestAppForCrossTriggerUITests */,
				22BBD2E41D6DA0F7009B2AE6 /* Products */,
			);
			sourceTree = "<group>";
		};
		22BBD2E41D6DA0F7009B2AE6 /* Products */ = {
			isa = PBXGroup;
			children = (
				22BBD2E31D6DA0F7009B2AE6 /* TestAppForCrossTrigger.app */,
				22BBD2F71D6DA0F7009B2AE6 /* TestAppForCrossTriggerTests.xctest */,
				22BBD3021D6DA0F7009B2AE6 /* TestAppForCrossTriggerUITests.xctest */,
			);
			name = Products;
			sourceTree = "<group>";
		};
		22BBD2E51D6DA0F7009B2AE6 /* TestAppForCrossTrigger */ = {
			isa = PBXGroup;
			children = (
				22BBD2E61D6DA0F7009B2AE6 /* AppDelegate.swift */,
				22BBD2E81D6DA0F7009B2AE6 /* ViewController.swift */,
				22BBD2EA1D6DA0F7009B2AE6 /* Main.storyboard */,
				22BBD2ED1D6DA0F7009B2AE6 /* Assets.xcassets */,
				22BBD2EF1D6DA0F7009B2AE6 /* LaunchScreen.storyboard */,
				22BBD2F21D6DA0F7009B2AE6 /* Info.plist */,
			);
			path = TestAppForCrossTrigger;
			sourceTree = "<group>";
		};
		22BBD2FA1D6DA0F7009B2AE6 /* TestAppForCrossTriggerTests */ = {
			isa = PBXGroup;
			children = (
				22BBD2FB1D6DA0F7009B2AE6 /* TestAppForCrossTriggerTests.swift */,
				22BBD2FD1D6DA0F7009B2AE6 /* Info.plist */,
			);
			path = TestAppForCrossTriggerTests;
			sourceTree = "<group>";
		};
		22BBD3051D6DA0F7009B2AE6 /* TestAppForCrossTriggerUITests */ = {
			isa = PBXGroup;
			children = (
				22BBD3061D6DA0F7009B2AE6 /* TestAppForCrossTriggerUITests.swift */,
				22BBD3081D6DA0F7009B2AE6 /* Info.plist */,
			);
			path = TestAppForCrossTriggerUITests;
			sourceTree = "<group>";
		};
/* End PBXGroup section */

/* Begin PBXNativeTarget section */
		22BBD2E21D6DA0F7009B2AE6 /* TestAppForCrossTrigger */ = {
			isa = PBXNativeTarget;
			buildConfigurationList = 22BBD30B1D6DA0F7009B2AE6 /* Build configuration list for PBXNativeTarget "TestAppForCrossTrigger" */;
			buildPhases = (
				22BBD2DF1D6DA0F7009B2AE6 /* Sources */,
				22BBD2E01D6DA0F7009B2AE6 /* Frameworks */,
				22BBD2E11D6DA0F7009B2AE6 /* Resources */,
				22BBD31B1D6DB710009B2AE6 /* Embed Frameworks */,
			);
			buildRules = (
			);
			dependencies = (
			);
			name = TestAppForCrossTrigger;
			productName = TestAppForCrossTrigger;
			productReference = 22BBD2E31D6DA0F7009B2AE6 /* TestAppForCrossTrigger.app */;
			productType = "com.apple.product-type.application";
		};
		22BBD2F61D6DA0F7009B2AE6 /* TestAppForCrossTriggerTests */ = {
			isa = PBXNativeTarget;
			buildConfigurationList = 22BBD30E1D6DA0F7009B2AE6 /* Build configuration list for PBXNativeTarget "TestAppForCrossTriggerTests" */;
			buildPhases = (
				22BBD2F31D6DA0F7009B2AE6 /* Sources */,
				22BBD2F41D6DA0F7009B2AE6 /* Frameworks */,
				22BBD2F51D6DA0F7009B2AE6 /* Resources */,
			);
			buildRules = (
			);
			dependencies = (
				22BBD2F91D6DA0F7009B2AE6 /* PBXTargetDependency */,
			);
			name = TestAppForCrossTriggerTests;
			productName = TestAppForCrossTriggerTests;
			productReference = 22BBD2F71D6DA0F7009B2AE6 /* TestAppForCrossTriggerTests.xctest */;
			productType = "com.apple.product-type.bundle.unit-test";
		};
		22BBD3011D6DA0F7009B2AE6 /* TestAppForCrossTriggerUITests */ = {
			isa = PBXNativeTarget;
			buildConfigurationList = 22BBD3111D6DA0F7009B2AE6 /* Build configuration list for PBXNativeTarget "TestAppForCrossTriggerUITests" */;
			buildPhases = (
				22BBD2FE1D6DA0F7009B2AE6 /* Sources */,
				22BBD2FF1D6DA0F7009B2AE6 /* Frameworks */,
				22BBD3001D6DA0F7009B2AE6 /* Resources */,
			);
			buildRules = (
			);
			dependencies = (
				22BBD3041D6DA0F7009B2AE6 /* PBXTargetDependency */,
			);
			name = TestAppForCrossTriggerUITests;
			productName = TestAppForCrossTriggerUITests;
			productReference = 22BBD3021D6DA0F7009B2AE6 /* TestAppForCrossTriggerUITests.xctest */;
			productType = "com.apple.product-type.bundle.ui-testing";
		};
/* End PBXNativeTarget section */

/* Begin PBXProject section */
		22BBD2DB1D6DA0F7009B2AE6 /* Project object */ = {
			isa = PBXProject;
			attributes = {
				LastSwiftUpdateCheck = 0710;
				LastUpgradeCheck = 0710;
				TargetAttributes = {
					22BBD2E21D6DA0F7009B2AE6 = {
						CreatedOnToolsVersion = 7.1;
					};
					22BBD2F61D6DA0F7009B2AE6 = {
						CreatedOnToolsVersion = 7.1;
						DevelopmentTeam = 2KGF8BTRJZ;
						TestTargetID = 22BBD2E21D6DA0F7009B2AE6;
					};
					22BBD3011D6DA0F7009B2AE6 = {
						CreatedOnToolsVersion = 7.1;
						DevelopmentTeam = 2KGF8BTRJZ;
						TestTargetID = 22BBD2E21D6DA0F7009B2AE6;
					};
				};
			};
			buildConfigurationList = 22BBD2DE1D6DA0F7009B2AE6 /* Build configuration list for PBXProject "TestAppForCrossTrigger" */;
			compatibilityVersion = "Xcode 3.2";
			developmentRegion = English;
			hasScannedForEncodings = 0;
			knownRegions = (
				en,
				Base,
			);
			mainGroup = 22BBD2DA1D6DA0F7009B2AE6;
			productRefGroup = 22BBD2E41D6DA0F7009B2AE6 /* Products */;
			projectDirPath = "";
			projectRoot = "";
			targets = (
				22BBD2E21D6DA0F7009B2AE6 /* TestAppForCrossTrigger */,
				22BBD2F61D6DA0F7009B2AE6 /* TestAppForCrossTriggerTests */,
				22BBD3011D6DA0F7009B2AE6 /* TestAppForCrossTriggerUITests */,
			);
		};
/* End PBXProject section */

/* Begin PBXResourcesBuildPhase section */
		22BBD2E11D6DA0F7009B2AE6 /* Resources */ = {
			isa = PBXResourcesBuildPhase;
			buildActionMask = 2147483647;
			files = (
				22BBD2F11D6DA0F7009B2AE6 /* LaunchScreen.storyboard in Resources */,
				22BBD2EE1D6DA0F7009B2AE6 /* Assets.xcassets in Resources */,
				22BBD2EC1D6DA0F7009B2AE6 /* Main.storyboard in Resources */,
			);
			runOnlyForDeploymentPostprocessing = 0;
		};
		22BBD2F51D6DA0F7009B2AE6 /* Resources */ = {
			isa = PBXResourcesBuildPhase;
			buildActionMask = 2147483647;
			files = (
			);
			runOnlyForDeploymentPostprocessing = 0;
		};
		22BBD3001D6DA0F7009B2AE6 /* Resources */ = {
			isa = PBXResourcesBuildPhase;
			buildActionMask = 2147483647;
			files = (
			);
			runOnlyForDeploymentPostprocessing = 0;
		};
/* End PBXResourcesBuildPhase section */

/* Begin PBXSourcesBuildPhase section */
		22BBD2DF1D6DA0F7009B2AE6 /* Sources */ = {
			isa = PBXSourcesBuildPhase;
			buildActionMask = 2147483647;
			files = (
				22BBD2E91D6DA0F7009B2AE6 /* ViewController.swift in Sources */,
				22BBD2E71D6DA0F7009B2AE6 /* AppDelegate.swift in Sources */,
			);
			runOnlyForDeploymentPostprocessing = 0;
		};
		22BBD2F31D6DA0F7009B2AE6 /* Sources */ = {
			isa = PBXSourcesBuildPhase;
			buildActionMask = 2147483647;
			files = (
				22BBD2FC1D6DA0F7009B2AE6 /* TestAppForCrossTriggerTests.swift in Sources */,
			);
			runOnlyForDeploymentPostprocessing = 0;
		};
		22BBD2FE1D6DA0F7009B2AE6 /* Sources */ = {
			isa = PBXSourcesBuildPhase;
			buildActionMask = 2147483647;
			files = (
				22BBD3071D6DA0F7009B2AE6 /* TestAppForCrossTriggerUITests.swift in Sources */,
			);
			runOnlyForDeploymentPostprocessing = 0;
		};
/* End PBXSourcesBuildPhase section */

/* Begin PBXTargetDependency section */
		22BBD2F91D6DA0F7009B2AE6 /* PBXTargetDependency */ = {
			isa = PBXTargetDependency;
			target = 22BBD2E21D6DA0F7009B2AE6 /* TestAppForCrossTrigger */;
			targetProxy = 22BBD2F81D6DA0F7009B2AE6 /* PBXContainerItemProxy */;
		};
		22BBD3041D6DA0F7009B2AE6 /* PBXTargetDependency */ = {
			isa = PBXTargetDependency;
			target = 22BBD2E21D6DA0F7009B2AE6 /* TestAppForCrossTrigger */;
			targetProxy = 22BBD3031D6DA0F7009B2AE6 /* PBXContainerItemProxy */;
		};
/* End PBXTargetDependency section */

/* Begin PBXVariantGroup section */
		22BBD2EA1D6DA0F7009B2AE6 /* Main.storyboard */ = {
			isa = PBXVariantGroup;
			children = (
				22BBD2EB1D6DA0F7009B2AE6 /* Base */,
			);
			name = Main.storyboard;
			sourceTree = "<group>";
		};
		22BBD2EF1D6DA0F7009B2AE6 /* LaunchScreen.storyboard */ = {
			isa = PBXVariantGroup;
			children = (
				22BBD2F01D6DA0F7009B2AE6 /* Base */,
			);
			name = LaunchScreen.storyboard;
			sourceTree = "<group>";
		};
/* End PBXVariantGroup section */

/* Begin XCBuildConfiguration section */
		22BBD3091D6DA0F7009B2AE6 /* Debug */ = {
			isa = XCBuildConfiguration;
			buildSettings = {
				ALWAYS_SEARCH_USER_PATHS = NO;
				CLANG_CXX_LANGUAGE_STANDARD = "gnu++0x";
				CLANG_CXX_LIBRARY = "libc++";
				CLANG_ENABLE_MODULES = YES;
				CLANG_ENABLE_OBJC_ARC = YES;
				CLANG_WARN_BOOL_CONVERSION = YES;
				CLANG_WARN_CONSTANT_CONVERSION = YES;
				CLANG_WARN_DIRECT_OBJC_ISA_USAGE = YES_ERROR;
				CLANG_WARN_EMPTY_BODY = YES;
				CLANG_WARN_ENUM_CONVERSION = YES;
				CLANG_WARN_INT_CONVERSION = YES;
				CLANG_WARN_OBJC_ROOT_CLASS = YES_ERROR;
				CLANG_WARN_UNREACHABLE_CODE = YES;
				CLANG_WARN__DUPLICATE_METHOD_MATCH = YES;
				"CODE_SIGN_IDENTITY[sdk=iphoneos*]" = "iPhone Developer";
				COPY_PHASE_STRIP = NO;
				DEBUG_INFORMATION_FORMAT = dwarf;
				ENABLE_STRICT_OBJC_MSGSEND = YES;
				ENABLE_TESTABILITY = YES;
				GCC_C_LANGUAGE_STANDARD = gnu99;
				GCC_DYNAMIC_NO_PIC = NO;
				GCC_NO_COMMON_BLOCKS = YES;
				GCC_OPTIMIZATION_LEVEL = 0;
				GCC_PREPROCESSOR_DEFINITIONS = (
					"DEBUG=1",
					"$(inherited)",
				);
				GCC_WARN_64_TO_32_BIT_CONVERSION = YES;
				GCC_WARN_ABOUT_RETURN_TYPE = YES_ERROR;
				GCC_WARN_UNDECLARED_SELECTOR = YES;
				GCC_WARN_UNINITIALIZED_AUTOS = YES_AGGRESSIVE;
				GCC_WARN_UNUSED_FUNCTION = YES;
				GCC_WARN_UNUSED_VARIABLE = YES;
				IPHONEOS_DEPLOYMENT_TARGET = 9.1;
				MTL_ENABLE_DEBUG_INFO = YES;
				ONLY_ACTIVE_ARCH = YES;
				SDKROOT = iphoneos;
				SWIFT_OPTIMIZATION_LEVEL = "-Onone";
				TARGETED_DEVICE_FAMILY = "1,2";
			};
			name = Debug;
		};
		22BBD30A1D6DA0F7009B2AE6 /* Release */ = {
			isa = XCBuildConfiguration;
			buildSettings = {
				ALWAYS_SEARCH_USER_PATHS = NO;
				CLANG_CXX_LANGUAGE_STANDARD = "gnu++0x";
				CLANG_CXX_LIBRARY = "libc++";
				CLANG_ENABLE_MODULES = YES;
				CLANG_ENABLE_OBJC_ARC = YES;
				CLANG_WARN_BOOL_CONVERSION = YES;
				CLANG_WARN_CONSTANT_CONVERSION = YES;
				CLANG_WARN_DIRECT_OBJC_ISA_USAGE = YES_ERROR;
				CLANG_WARN_EMPTY_BODY = YES;
				CLANG_WARN_ENUM_CONVERSION = YES;
				CLANG_WARN_INT_CONVERSION = YES;
				CLANG_WARN_OBJC_ROOT_CLASS = YES_ERROR;
				CLANG_WARN_UNREACHABLE_CODE = YES;
				CLANG_WARN__DUPLICATE_METHOD_MATCH = YES;
				"CODE_SIGN_IDENTITY[sdk=iphoneos*]" = "iPhone Developer";
				COPY_PHASE_STRIP = NO;
				DEBUG_INFORMATION_FORMAT = "dwarf-with-dsym";
				ENABLE_NS_ASSERTIONS = NO;
				ENABLE_STRICT_OBJC_MSGSEND = YES;
				GCC_C_LANGUAGE_STANDARD = gnu99;
				GCC_NO_COMMON_BLOCKS = YES;
				GCC_WARN_64_TO_32_BIT_CONVERSION = YES;
				GCC_WARN_ABOUT_RETURN_TYPE = YES_ERROR;
				GCC_WARN_UNDECLARED_SELECTOR = YES;
				GCC_WARN_UNINITIALIZED_AUTOS = YES_AGGRESSIVE;
				GCC_WARN_UNUSED_FUNCTION = YES;
				GCC_WARN_UNUSED_VARIABLE = YES;
				IPHONEOS_DEPLOYMENT_TARGET = 9.1;
				MTL_ENABLE_DEBUG_INFO = NO;
				SDKROOT = iphoneos;
				TARGETED_DEVICE_FAMILY = "1,2";
				VALIDATE_PRODUCT = YES;
			};
			name = Release;
		};
		22BBD30C1D6DA0F7009B2AE6 /* Debug */ = {
			isa = XCBuildConfiguration;
			buildSettings = {
				ASSETCATALOG_COMPILER_APPICON_NAME = AppIcon;
				CODE_SIGN_IDENTITY = "iPhone Developer";
				FRAMEWORK_SEARCH_PATHS = (
					"$(inherited)",
					"$(PROJECT_DIR)/frameworks",
				);
				INFOPLIST_FILE = TestAppForCrossTrigger/Info.plist;
				LD_RUNPATH_SEARCH_PATHS = "$(inherited) @executable_path/Frameworks";
				PRODUCT_BUNDLE_IDENTIFIER = com.test.TestAppForCrossTrigger;
				PRODUCT_NAME = "$(TARGET_NAME)";
			};
			name = Debug;
		};
		22BBD30D1D6DA0F7009B2AE6 /* Release */ = {
			isa = XCBuildConfiguration;
			buildSettings = {
				ASSETCATALOG_COMPILER_APPICON_NAME = AppIcon;
				CODE_SIGN_IDENTITY = "iPhone Developer";
				FRAMEWORK_SEARCH_PATHS = (
					"$(inherited)",
					"$(PROJECT_DIR)/frameworks",
				);
				INFOPLIST_FILE = TestAppForCrossTrigger/Info.plist;
				LD_RUNPATH_SEARCH_PATHS = "$(inherited) @executable_path/Frameworks";
				PRODUCT_BUNDLE_IDENTIFIER = com.test.TestAppForCrossTrigger;
				PRODUCT_NAME = "$(TARGET_NAME)";
			};
			name = Release;
		};
		22BBD30F1D6DA0F7009B2AE6 /* Debug */ = {
			isa = XCBuildConfiguration;
			buildSettings = {
				BUNDLE_LOADER = "$(TEST_HOST)";
				INFOPLIST_FILE = TestAppForCrossTriggerTests/Info.plist;
				LD_RUNPATH_SEARCH_PATHS = "$(inherited) @executable_path/Frameworks @loader_path/Frameworks";
				PRODUCT_BUNDLE_IDENTIFIER = com.test.TestAppForCrossTriggerTests;
				PRODUCT_NAME = "$(TARGET_NAME)";
				TEST_HOST = "$(BUILT_PRODUCTS_DIR)/TestAppForCrossTrigger.app/TestAppForCrossTrigger";
			};
			name = Debug;
		};
		22BBD3101D6DA0F7009B2AE6 /* Release */ = {
			isa = XCBuildConfiguration;
			buildSettings = {
				BUNDLE_LOADER = "$(TEST_HOST)";
				INFOPLIST_FILE = TestAppForCrossTriggerTests/Info.plist;
				LD_RUNPATH_SEARCH_PATHS = "$(inherited) @executable_path/Frameworks @loader_path/Frameworks";
				PRODUCT_BUNDLE_IDENTIFIER = com.test.TestAppForCrossTriggerTests;
				PRODUCT_NAME = "$(TARGET_NAME)";
				TEST_HOST = "$(BUILT_PRODUCTS_DIR)/TestAppForCrossTrigger.app/TestAppForCrossTrigger";
			};
			name = Release;
		};
		22BBD3121D6DA0F7009B2AE6 /* Debug */ = {
			isa = XCBuildConfiguration;
			buildSettings = {
				INFOPLIST_FILE = TestAppForCrossTriggerUITests/Info.plist;
				LD_RUNPATH_SEARCH_PATHS = "$(inherited) @executable_path/Frameworks @loader_path/Frameworks";
				PRODUCT_BUNDLE_IDENTIFIER = com.test.TestAppForCrossTriggerUITests;
				PRODUCT_NAME = "$(TARGET_NAME)";
				TEST_TARGET_NAME = TestAppForCrossTrigger;
				USES_XCTRUNNER = YES;
			};
			name = Debug;
		};
		22BBD3131D6DA0F7009B2AE6 /* Release */ = {
			isa = XCBuildConfiguration;
			buildSettings = {
				INFOPLIST_FILE = TestAppForCrossTriggerUITests/Info.plist;
				LD_RUNPATH_SEARCH_PATHS = "$(inherited) @executable_path/Frameworks @loader_path/Frameworks";
				PRODUCT_BUNDLE_IDENTIFIER = com.test.TestAppForCrossTriggerUITests;
				PRODUCT_NAME = "$(TARGET_NAME)";
				TEST_TARGET_NAME = TestAppForCrossTrigger;
				USES_XCTRUNNER = YES;
			};
			name = Release;
		};
/* End XCBuildConfiguration section */

/* Begin XCConfigurationList section */
		22BBD2DE1D6DA0F7009B2AE6 /* Build configuration list for PBXProject "TestAppForCrossTrigger" */ = {
			isa = XCConfigurationList;
			buildConfigurations = (
				22BBD3091D6DA0F7009B2AE6 /* Debug */,
				22BBD30A1D6DA0F7009B2AE6 /* Release */,
			);
			defaultConfigurationIsVisible = 0;
			defaultConfigurationName = Release;
		};
		22BBD30B1D6DA0F7009B2AE6 /* Build configuration list for PBXNativeTarget "TestAppForCrossTrigger" */ = {
			isa = XCConfigurationList;
			buildConfigurations = (
				22BBD30C1D6DA0F7009B2AE6 /* Debug */,
				22BBD30D1D6DA0F7009B2AE6 /* Release */,
			);
			defaultConfigurationIsVisible = 0;
		};
		22BBD30E1D6DA0F7009B2AE6 /* Build configuration list for PBXNativeTarget "TestAppForCrossTriggerTests" */ = {
			isa = XCConfigurationList;
			buildConfigurations = (
				22BBD30F1D6DA0F7009B2AE6 /* Debug */,
				22BBD3101D6DA0F7009B2AE6 /* Release */,
			);
			defaultConfigurationIsVisible = 0;
		};
		22BBD3111D6DA0F7009B2AE6 /* Build configuration list for PBXNativeTarget "TestAppForCrossTriggerUITests" */ = {
			isa = XCConfigurationList;
			buildConfigurations = (
				22BBD3121D6DA0F7009B2AE6 /* Debug */,
				22BBD3131D6DA0F7009B2AE6 /* Release */,
			);
			defaultConfigurationIsVisible = 0;
		};
/* End XCConfigurationList section */
	};
	rootObject = 22BBD2DB1D6DA0F7009B2AE6 /* Project object */;
}
